{
  "lockfileVersion": 1,
  "configVersion": 1,
  "workspaces": {
    "": {
      "name": "@duckbug/js",
      "devDependencies": {
        "@biomejs/biome": "2.1.1",
        "@commitlint/cli": "^19.6.0",
        "@commitlint/config-conventional": "^19.6.0",
        "@rslib/core": "0.10.6",
        "@types/bun": "latest",
        "husky": "9.1.7",
        "pinst": "3.0.0",
        "ts-node": "10.9.2",
        "typescript": "5.8.3",
      },
    },
  },
  "packages": {
    "@ast-grep/napi": ["@ast-grep/napi@0.37.0", "", { "optionalDependencies": { "@ast-grep/napi-darwin-arm64": "0.37.0", "@ast-grep/napi-darwin-x64": "0.37.0", "@ast-grep/napi-linux-arm64-gnu": "0.37.0", "@ast-grep/napi-linux-arm64-musl": "0.37.0", "@ast-grep/napi-linux-x64-gnu": "0.37.0", "@ast-grep/napi-linux-x64-musl": "0.37.0", "@ast-grep/napi-win32-arm64-msvc": "0.37.0", "@ast-grep/napi-win32-ia32-msvc": "0.37.0", "@ast-grep/napi-win32-x64-msvc": "0.37.0" } }, "sha512-Hb4o6h1Pf6yRUAX07DR4JVY7dmQw+RVQMW5/m55GoiAT/VRoKCWBtIUPPOnqDVhbx1Cjfil9b6EDrgJsUAujEQ=="],

    "@ast-grep/napi-darwin-arm64": ["@ast-grep/napi-darwin-arm64@0.37.0", "", { "os": "darwin", "cpu": "arm64" }, "sha512-QAiIiaAbLvMEg/yBbyKn+p1gX2/FuaC0SMf7D7capm/oG4xGMzdeaQIcSosF4TCxxV+hIH4Bz9e4/u7w6Bnk3Q=="],

    "@ast-grep/napi-darwin-x64": ["@ast-grep/napi-darwin-x64@0.37.0", "", { "os": "darwin", "cpu": "x64" }, "sha512-zvcvdgekd4ySV3zUbUp8HF5nk5zqwiMXTuVzTUdl/w08O7JjM6XPOIVT+d2o/MqwM9rsXdzdergY5oY2RdhSPA=="],

    "@ast-grep/napi-linux-arm64-gnu": ["@ast-grep/napi-linux-arm64-gnu@0.37.0", "", { "os": "linux", "cpu": "arm64" }, "sha512-L7Sj0lXy8X+BqSMgr1LB8cCoWk0rericdeu+dC8/c8zpsav5Oo2IQKY1PmiZ7H8IHoFBbURLf8iklY9wsD+cyA=="],

    "@ast-grep/napi-linux-arm64-musl": ["@ast-grep/napi-linux-arm64-musl@0.37.0", "", { "os": "linux", "cpu": "arm64" }, "sha512-LF9sAvYy6es/OdyJDO3RwkX3I82Vkfsng1sqUBcoWC1jVb1wX5YVzHtpQox9JrEhGl+bNp7FYxB4Qba9OdA5GA=="],

    "@ast-grep/napi-linux-x64-gnu": ["@ast-grep/napi-linux-x64-gnu@0.37.0", "", { "os": "linux", "cpu": "x64" }, "sha512-TViz5/klqre6aSmJzswEIjApnGjJzstG/SE8VDWsrftMBMYt2PTu3MeluZVwzSqDao8doT/P+6U11dU05UOgxw=="],

    "@ast-grep/napi-linux-x64-musl": ["@ast-grep/napi-linux-x64-musl@0.37.0", "", { "os": "linux", "cpu": "x64" }, "sha512-/BcCH33S9E3ovOAEoxYngUNXgb+JLg991sdyiNP2bSoYd30a9RHrG7CYwW6fMgua3ijQ474eV6cq9yZO1bCpXg=="],

    "@ast-grep/napi-win32-arm64-msvc": ["@ast-grep/napi-win32-arm64-msvc@0.37.0", "", { "os": "win32", "cpu": "arm64" }, "sha512-TjQA4cFoIEW2bgjLkaL9yqT4XWuuLa5MCNd0VCDhGRDMNQ9+rhwi9eLOWRaap3xzT7g+nlbcEHL3AkVCD2+b3A=="],

    "@ast-grep/napi-win32-ia32-msvc": ["@ast-grep/napi-win32-ia32-msvc@0.37.0", "", { "os": "win32", "cpu": "ia32" }, "sha512-uNmVka8fJCdYsyOlF9aZqQMLTatEYBynjChVTzUfFMDfmZ0bihs/YTqJVbkSm8TZM7CUX82apvn50z/dX5iWRA=="],

    "@ast-grep/napi-win32-x64-msvc": ["@ast-grep/napi-win32-x64-msvc@0.37.0", "", { "os": "win32", "cpu": "x64" }, "sha512-vCiFOT3hSCQuHHfZ933GAwnPzmL0G04JxQEsBRfqONywyT8bSdDc/ECpAfr3S9VcS4JZ9/F6tkePKW/Om2Dq2g=="],

    "@babel/code-frame": ["@babel/code-frame@7.27.1", "", { "dependencies": { "@babel/helper-validator-identifier": "^7.27.1", "js-tokens": "^4.0.0", "picocolors": "^1.1.1" } }, "sha512-cjQ7ZlQ0Mv3b47hABuTevyTuYN4i+loJKGeV9flcCgIK37cCXRh+L1bd3iBHlynerhQ7BhCkn2BPbQUL+rGqFg=="],

    "@babel/helper-validator-identifier": ["@babel/helper-validator-identifier@7.28.5", "", {}, "sha512-qSs4ifwzKJSV39ucNjsvc6WVHs6b7S03sOh2OcHF9UHfVPqWWALUsNUVzhSBiItjRZoLHx7nIarVjqKVusUZ1Q=="],

    "@biomejs/biome": ["@biomejs/biome@2.1.1", "", { "optionalDependencies": { "@biomejs/cli-darwin-arm64": "2.1.1", "@biomejs/cli-darwin-x64": "2.1.1", "@biomejs/cli-linux-arm64": "2.1.1", "@biomejs/cli-linux-arm64-musl": "2.1.1", "@biomejs/cli-linux-x64": "2.1.1", "@biomejs/cli-linux-x64-musl": "2.1.1", "@biomejs/cli-win32-arm64": "2.1.1", "@biomejs/cli-win32-x64": "2.1.1" }, "bin": { "biome": "bin/biome" } }, "sha512-HFGYkxG714KzG+8tvtXCJ1t1qXQMzgWzfvQaUjxN6UeKv+KvMEuliInnbZLJm6DXFXwqVi6446EGI0sGBLIYng=="],

    "@biomejs/cli-darwin-arm64": ["@biomejs/cli-darwin-arm64@2.1.1", "", { "os": "darwin", "cpu": "arm64" }, "sha512-2Muinu5ok4tWxq4nu5l19el48cwCY/vzvI7Vjbkf3CYIQkjxZLyj0Ad37Jv2OtlXYaLvv+Sfu1hFeXt/JwRRXQ=="],

    "@biomejs/cli-darwin-x64": ["@biomejs/cli-darwin-x64@2.1.1", "", { "os": "darwin", "cpu": "x64" }, "sha512-cC8HM5lrgKQXLAK+6Iz2FrYW5A62pAAX6KAnRlEyLb+Q3+Kr6ur/sSuoIacqlp1yvmjHJqjYfZjPvHWnqxoEIA=="],

    "@biomejs/cli-linux-arm64": ["@biomejs/cli-linux-arm64@2.1.1", "", { "os": "linux", "cpu": "arm64" }, "sha512-tw4BEbhAUkWPe4WBr6IX04DJo+2jz5qpPzpW/SWvqMjb9QuHY8+J0M23V8EPY/zWU4IG8Ui0XESapR1CB49Q7g=="],

    "@biomejs/cli-linux-arm64-musl": ["@biomejs/cli-linux-arm64-musl@2.1.1", "", { "os": "linux", "cpu": "arm64" }, "sha512-/7FBLnTswu4jgV9ttI3AMIdDGqVEPIZd8I5u2D4tfCoj8rl9dnjrEQbAIDlWhUXdyWlFSz8JypH3swU9h9P+2A=="],

    "@biomejs/cli-linux-x64": ["@biomejs/cli-linux-x64@2.1.1", "", { "os": "linux", "cpu": "x64" }, "sha512-3WJ1GKjU7NzZb6RTbwLB59v9cTIlzjbiFLDB0z4376TkDqoNYilJaC37IomCr/aXwuU8QKkrYoHrgpSq5ffJ4Q=="],

    "@biomejs/cli-linux-x64-musl": ["@biomejs/cli-linux-x64-musl@2.1.1", "", { "os": "linux", "cpu": "x64" }, "sha512-kUu+loNI3OCD2c12cUt7M5yaaSjDnGIksZwKnueubX6c/HWUyi/0mPbTBHR49Me3F0KKjWiKM+ZOjsmC+lUt9g=="],

    "@biomejs/cli-win32-arm64": ["@biomejs/cli-win32-arm64@2.1.1", "", { "os": "win32", "cpu": "arm64" }, "sha512-vEHK0v0oW+E6RUWLoxb2isI3rZo57OX9ZNyyGH701fZPj6Il0Rn1f5DMNyCmyflMwTnIQstEbs7n2BxYSqQx4Q=="],

    "@biomejs/cli-win32-x64": ["@biomejs/cli-win32-x64@2.1.1", "", { "os": "win32", "cpu": "x64" }, "sha512-i2PKdn70kY++KEF/zkQFvQfX1e8SkA8hq4BgC+yE9dZqyLzB/XStY2MvwI3qswlRgnGpgncgqe0QYKVS1blksg=="],

    "@commitlint/cli": ["@commitlint/cli@19.8.1", "", { "dependencies": { "@commitlint/format": "^19.8.1", "@commitlint/lint": "^19.8.1", "@commitlint/load": "^19.8.1", "@commitlint/read": "^19.8.1", "@commitlint/types": "^19.8.1", "tinyexec": "^1.0.0", "yargs": "^17.0.0" }, "bin": { "commitlint": "./cli.js" } }, "sha512-LXUdNIkspyxrlV6VDHWBmCZRtkEVRpBKxi2Gtw3J54cGWhLCTouVD/Q6ZSaSvd2YaDObWK8mDjrz3TIKtaQMAA=="],

    "@commitlint/config-conventional": ["@commitlint/config-conventional@19.8.1", "", { "dependencies": { "@commitlint/types": "^19.8.1", "conventional-changelog-conventionalcommits": "^7.0.2" } }, "sha512-/AZHJL6F6B/G959CsMAzrPKKZjeEiAVifRyEwXxcT6qtqbPwGw+iQxmNS+Bu+i09OCtdNRW6pNpBvgPrtMr9EQ=="],

    "@commitlint/config-validator": ["@commitlint/config-validator@19.8.1", "", { "dependencies": { "@commitlint/types": "^19.8.1", "ajv": "^8.11.0" } }, "sha512-0jvJ4u+eqGPBIzzSdqKNX1rvdbSU1lPNYlfQQRIFnBgLy26BtC0cFnr7c/AyuzExMxWsMOte6MkTi9I3SQ3iGQ=="],

    "@commitlint/ensure": ["@commitlint/ensure@19.8.1", "", { "dependencies": { "@commitlint/types": "^19.8.1", "lodash.camelcase": "^4.3.0", "lodash.kebabcase": "^4.1.1", "lodash.snakecase": "^4.1.1", "lodash.startcase": "^4.4.0", "lodash.upperfirst": "^4.3.1" } }, "sha512-mXDnlJdvDzSObafjYrOSvZBwkD01cqB4gbnnFuVyNpGUM5ijwU/r/6uqUmBXAAOKRfyEjpkGVZxaDsCVnHAgyw=="],

    "@commitlint/execute-rule": ["@commitlint/execute-rule@19.8.1", "", {}, "sha512-YfJyIqIKWI64Mgvn/sE7FXvVMQER/Cd+s3hZke6cI1xgNT/f6ZAz5heND0QtffH+KbcqAwXDEE1/5niYayYaQA=="],

    "@commitlint/format": ["@commitlint/format@19.8.1", "", { "dependencies": { "@commitlint/types": "^19.8.1", "chalk": "^5.3.0" } }, "sha512-kSJj34Rp10ItP+Eh9oCItiuN/HwGQMXBnIRk69jdOwEW9llW9FlyqcWYbHPSGofmjsqeoxa38UaEA5tsbm2JWw=="],

    "@commitlint/is-ignored": ["@commitlint/is-ignored@19.8.1", "", { "dependencies": { "@commitlint/types": "^19.8.1", "semver": "^7.6.0" } }, "sha512-AceOhEhekBUQ5dzrVhDDsbMaY5LqtN8s1mqSnT2Kz1ERvVZkNihrs3Sfk1Je/rxRNbXYFzKZSHaPsEJJDJV8dg=="],

    "@commitlint/lint": ["@commitlint/lint@19.8.1", "", { "dependencies": { "@commitlint/is-ignored": "^19.8.1", "@commitlint/parse": "^19.8.1", "@commitlint/rules": "^19.8.1", "@commitlint/types": "^19.8.1" } }, "sha512-52PFbsl+1EvMuokZXLRlOsdcLHf10isTPlWwoY1FQIidTsTvjKXVXYb7AvtpWkDzRO2ZsqIgPK7bI98x8LRUEw=="],

    "@commitlint/load": ["@commitlint/load@19.8.1", "", { "dependencies": { "@commitlint/config-validator": "^19.8.1", "@commitlint/execute-rule": "^19.8.1", "@commitlint/resolve-extends": "^19.8.1", "@commitlint/types": "^19.8.1", "chalk": "^5.3.0", "cosmiconfig": "^9.0.0", "cosmiconfig-typescript-loader": "^6.1.0", "lodash.isplainobject": "^4.0.6", "lodash.merge": "^4.6.2", "lodash.uniq": "^4.5.0" } }, "sha512-9V99EKG3u7z+FEoe4ikgq7YGRCSukAcvmKQuTtUyiYPnOd9a2/H9Ak1J9nJA1HChRQp9OA/sIKPugGS+FK/k1A=="],

    "@commitlint/message": ["@commitlint/message@19.8.1", "", {}, "sha512-+PMLQvjRXiU+Ae0Wc+p99EoGEutzSXFVwQfa3jRNUZLNW5odZAyseb92OSBTKCu+9gGZiJASt76Cj3dLTtcTdg=="],

    "@commitlint/parse": ["@commitlint/parse@19.8.1", "", { "dependencies": { "@commitlint/types": "^19.8.1", "conventional-changelog-angular": "^7.0.0", "conventional-commits-parser": "^5.0.0" } }, "sha512-mmAHYcMBmAgJDKWdkjIGq50X4yB0pSGpxyOODwYmoexxxiUCy5JJT99t1+PEMK7KtsCtzuWYIAXYAiKR+k+/Jw=="],

    "@commitlint/read": ["@commitlint/read@19.8.1", "", { "dependencies": { "@commitlint/top-level": "^19.8.1", "@commitlint/types": "^19.8.1", "git-raw-commits": "^4.0.0", "minimist": "^1.2.8", "tinyexec": "^1.0.0" } }, "sha512-03Jbjb1MqluaVXKHKRuGhcKWtSgh3Jizqy2lJCRbRrnWpcM06MYm8th59Xcns8EqBYvo0Xqb+2DoZFlga97uXQ=="],

    "@commitlint/resolve-extends": ["@commitlint/resolve-extends@19.8.1", "", { "dependencies": { "@commitlint/config-validator": "^19.8.1", "@commitlint/types": "^19.8.1", "global-directory": "^4.0.1", "import-meta-resolve": "^4.0.0", "lodash.mergewith": "^4.6.2", "resolve-from": "^5.0.0" } }, "sha512-GM0mAhFk49I+T/5UCYns5ayGStkTt4XFFrjjf0L4S26xoMTSkdCf9ZRO8en1kuopC4isDFuEm7ZOm/WRVeElVg=="],

    "@commitlint/rules": ["@commitlint/rules@19.8.1", "", { "dependencies": { "@commitlint/ensure": "^19.8.1", "@commitlint/message": "^19.8.1", "@commitlint/to-lines": "^19.8.1", "@commitlint/types": "^19.8.1" } }, "sha512-Hnlhd9DyvGiGwjfjfToMi1dsnw1EXKGJNLTcsuGORHz6SS9swRgkBsou33MQ2n51/boIDrbsg4tIBbRpEWK2kw=="],

    "@commitlint/to-lines": ["@commitlint/to-lines@19.8.1", "", {}, "sha512-98Mm5inzbWTKuZQr2aW4SReY6WUukdWXuZhrqf1QdKPZBCCsXuG87c+iP0bwtD6DBnmVVQjgp4whoHRVixyPBg=="],

    "@commitlint/top-level": ["@commitlint/top-level@19.8.1", "", { "dependencies": { "find-up": "^7.0.0" } }, "sha512-Ph8IN1IOHPSDhURCSXBz44+CIu+60duFwRsg6HqaISFHQHbmBtxVw4ZrFNIYUzEP7WwrNPxa2/5qJ//NK1FGcw=="],

    "@commitlint/types": ["@commitlint/types@19.8.1", "", { "dependencies": { "@types/conventional-commits-parser": "^5.0.0", "chalk": "^5.3.0" } }, "sha512-/yCrWGCoA1SVKOks25EGadP9Pnj0oAIHGpl2wH2M2Y46dPM2ueb8wyCVOD7O3WCTkaJ0IkKvzhl1JY7+uCT2Dw=="],

    "@cspotcode/source-map-support": ["@cspotcode/source-map-support@0.8.1", "", { "dependencies": { "@jridgewell/trace-mapping": "0.3.9" } }, "sha512-IchNf6dN4tHoMFIn/7OE8LWZ19Y6q/67Bmf6vnGREv8RSbBVb9LPJxEcnwrcwX6ixSvaiGoomAUvu4YSxXrVgw=="],

    "@emnapi/core": ["@emnapi/core@1.8.1", "", { "dependencies": { "@emnapi/wasi-threads": "1.1.0", "tslib": "^2.4.0" } }, "sha512-AvT9QFpxK0Zd8J0jopedNm+w/2fIzvtPKPjqyw9jwvBaReTTqPBk9Hixaz7KbjimP+QNz605/XnjFcDAL2pqBg=="],

    "@emnapi/runtime": ["@emnapi/runtime@1.8.1", "", { "dependencies": { "tslib": "^2.4.0" } }, "sha512-mehfKSMWjjNol8659Z8KxEMrdSJDDot5SXMq00dM8BN4o+CLNXQ0xH2V7EchNHV4RmbZLmmPdEaXZc5H2FXmDg=="],

    "@emnapi/wasi-threads": ["@emnapi/wasi-threads@1.1.0", "", { "dependencies": { "tslib": "^2.4.0" } }, "sha512-WI0DdZ8xFSbgMjR1sFsKABJ/C5OnRrjT06JXbZKexJGrDuPTzZdDYfFlsgcCXCyf+suG5QU2e/y1Wo2V/OapLQ=="],

    "@jridgewell/resolve-uri": ["@jridgewell/resolve-uri@3.1.2", "", {}, "sha512-bRISgCIjP20/tbWSPWMEi54QVPRZExkuD9lJL+UIxUKtwVJA8wW1Trb1jMs1RFXo1CBTNZ/5hpC9QvmKWdopKw=="],

    "@jridgewell/sourcemap-codec": ["@jridgewell/sourcemap-codec@1.5.5", "", {}, "sha512-cYQ9310grqxueWbl+WuIUIaiUaDcj7WOq5fVhEljNVgRfOUhY9fy2zTvfoqWsnebh8Sl70VScFbICvJnLKB0Og=="],

    "@jridgewell/trace-mapping": ["@jridgewell/trace-mapping@0.3.9", "", { "dependencies": { "@jridgewell/resolve-uri": "^3.0.3", "@jridgewell/sourcemap-codec": "^1.4.10" } }, "sha512-3Belt6tdc8bPgAtbcmdtNJlirVoTmEb5e2gC94PnkwEW9jI6CAHUeoG85tjWP5WquqfavoMtMwiG4P926ZKKuQ=="],

    "@module-federation/error-codes": ["@module-federation/error-codes@0.17.1", "", {}, "sha512-n6Elm4qKSjwAPxLUGtwnl7qt4y1dxB8OpSgVvXBIzqI9p27a3ZXshLPLnumlpPg1Qudaj8sLnSnFtt9yGpt5yQ=="],

    "@module-federation/runtime": ["@module-federation/runtime@0.17.1", "", { "dependencies": { "@module-federation/error-codes": "0.17.1", "@module-federation/runtime-core": "0.17.1", "@module-federation/sdk": "0.17.1" } }, "sha512-vKEN32MvUbpeuB/s6UXfkHDZ9N5jFyDDJnj83UTJ8n4N1jHIJu9VZ6Yi4/Ac8cfdvU8UIK9bIbfVXWbUYZUDsw=="],

    "@module-federation/runtime-core": ["@module-federation/runtime-core@0.17.1", "", { "dependencies": { "@module-federation/error-codes": "0.17.1", "@module-federation/sdk": "0.17.1" } }, "sha512-LCtIFuKgWPQ3E+13OyrVpuTPOWBMI/Ggwsq1Q874YeT8Px28b8tJRCj09DjyRFyhpSPyV/uG80T6iXPAUoLIfQ=="],

    "@module-federation/runtime-tools": ["@module-federation/runtime-tools@0.17.1", "", { "dependencies": { "@module-federation/runtime": "0.17.1", "@module-federation/webpack-bundler-runtime": "0.17.1" } }, "sha512-4kr6zTFFwGywJx6whBtxsc84V+COAuuBpEdEbPZN//YLXhNB0iz2IGsy9r9wDl+06h84bD+3dQ05l9euRLgXzQ=="],

    "@module-federation/sdk": ["@module-federation/sdk@0.17.1", "", {}, "sha512-nlUcN6UTEi+3HWF+k8wPy7gH0yUOmCT+xNatihkIVR9REAnr7BUvHFGlPJmx7WEbLPL46+zJUbtQHvLzXwFhng=="],

    "@module-federation/webpack-bundler-runtime": ["@module-federation/webpack-bundler-runtime@0.17.1", "", { "dependencies": { "@module-federation/runtime": "0.17.1", "@module-federation/sdk": "0.17.1" } }, "sha512-Swspdgf4PzcbvS9SNKFlBzfq8h/Qxwqjq/xRSqw1pqAZWondZQzwTTqPXhgrg0bFlz7qWjBS/6a8KuH/gRvGaQ=="],

    "@napi-rs/wasm-runtime": ["@napi-rs/wasm-runtime@1.1.1", "", { "dependencies": { "@emnapi/core": "^1.7.1", "@emnapi/runtime": "^1.7.1", "@tybys/wasm-util": "^0.10.1" } }, "sha512-p64ah1M1ld8xjWv3qbvFwHiFVWrq1yFvV4f7w+mzaqiR4IlSgkqhcRdHwsGgomwzBH51sRY4NEowLxnaBjcW/A=="],

    "@rsbuild/core": ["@rsbuild/core@1.4.16", "", { "dependencies": { "@rspack/core": "1.4.11", "@rspack/lite-tapable": "~1.0.1", "@swc/helpers": "^0.5.17", "core-js": "~3.45.0", "jiti": "^2.5.1" }, "bin": { "rsbuild": "bin/rsbuild.js" } }, "sha512-t2684BBkqAh+dw/v00ySQc5P5SMul4a428L1qHwwIWFPAZ0bnus/hw/wI8nM2AQpMcKfJPkdyVSGm4ueCYPtPw=="],

    "@rslib/core": ["@rslib/core@0.10.6", "", { "dependencies": { "@rsbuild/core": "~1.4.7", "rsbuild-plugin-dts": "0.10.6", "tinyglobby": "^0.2.14" }, "peerDependencies": { "@microsoft/api-extractor": "^7", "typescript": "^5" }, "optionalPeers": ["@microsoft/api-extractor", "typescript"], "bin": { "rslib": "bin/rslib.js" } }, "sha512-7OLdmmQbY116gNAAsY9baCid9REr+z11qfAzwVVFw+Q8avCE6YqpcBLfrBXlfmpBikfshDmHH8EpRrQwz8gZJQ=="],

    "@rspack/binding": ["@rspack/binding@1.4.11", "", { "optionalDependencies": { "@rspack/binding-darwin-arm64": "1.4.11", "@rspack/binding-darwin-x64": "1.4.11", "@rspack/binding-linux-arm64-gnu": "1.4.11", "@rspack/binding-linux-arm64-musl": "1.4.11", "@rspack/binding-linux-x64-gnu": "1.4.11", "@rspack/binding-linux-x64-musl": "1.4.11", "@rspack/binding-wasm32-wasi": "1.4.11", "@rspack/binding-win32-arm64-msvc": "1.4.11", "@rspack/binding-win32-ia32-msvc": "1.4.11", "@rspack/binding-win32-x64-msvc": "1.4.11" } }, "sha512-maGl/zRwnl0QVwkBCkgjn5PH20L9HdlRIdkYhEsfTepy5x2QZ0ti/0T49djjTJQrqb+S1i6wWQymMMMMMsxx6Q=="],

    "@rspack/binding-darwin-arm64": ["@rspack/binding-darwin-arm64@1.4.11", "", { "os": "darwin", "cpu": "arm64" }, "sha512-PrmBVhR8MC269jo6uQ+BMy1uwIDx0HAJYLQRQur8gXiehWabUBCRg/d4U9KR7rLzdaSScRyc5JWXR52T7/4MfA=="],

    "@rspack/binding-darwin-x64": ["@rspack/binding-darwin-x64@1.4.11", "", { "os": "darwin", "cpu": "x64" }, "sha512-YIV8Wzy+JY0SoSsVtN4wxFXOjzxxVPnVXNswrrfqVUTPr9jqGOFYUWCGpbt8lcCgfuBFm6zN8HpOsKm1xUNsVA=="],

    "@rspack/binding-linux-arm64-gnu": ["@rspack/binding-linux-arm64-gnu@1.4.11", "", { "os": "linux", "cpu": "arm64" }, "sha512-ms6uwECUIcu+6e82C5HJhRMHnfsI+l33v7XQezntzRPN0+sG3EpikEoT7SGbgt4vDwaWLR7wS20suN4qd5r3GA=="],

    "@rspack/binding-linux-arm64-musl": ["@rspack/binding-linux-arm64-musl@1.4.11", "", { "os": "linux", "cpu": "arm64" }, "sha512-9evq0DOdxMN/H8VM8ZmyY9NSuBgILNVV6ydBfVPMHPx4r1E7JZGpWeKDegZcS5Erw3sS9kVSIxyX78L5PDzzKw=="],

    "@rspack/binding-linux-x64-gnu": ["@rspack/binding-linux-x64-gnu@1.4.11", "", { "os": "linux", "cpu": "x64" }, "sha512-bHYFLxPPYBOSaHdQbEoCYGMQ1gOrEWj7Mro/DLfSHZi1a0okcQ2Q1y0i1DczReim3ZhLGNrK7k1IpFXCRbAobQ=="],

    "@rspack/binding-linux-x64-musl": ["@rspack/binding-linux-x64-musl@1.4.11", "", { "os": "linux", "cpu": "x64" }, "sha512-wrm4E7q2k4+cwT6Uhp6hIQ3eUe/YoaUttj6j5TqHYZX6YeLrNPtD9+ne6lQQ17BV8wmm6NZsmoFIJ5xIptpRhQ=="],

    "@rspack/binding-wasm32-wasi": ["@rspack/binding-wasm32-wasi@1.4.11", "", { "dependencies": { "@napi-rs/wasm-runtime": "^1.0.1" }, "cpu": "none" }, "sha512-hiYxHZjaZ17wQtXyLCK0IdtOvMWreGVTiGsaHCxyeT+SldDG+r16bXNjmlqfZsjlfl1mkAqKz1dg+mMX28OTqw=="],

    "@rspack/binding-win32-arm64-msvc": ["@rspack/binding-win32-arm64-msvc@1.4.11", "", { "os": "win32", "cpu": "arm64" }, "sha512-+HF/mnjmTr8PC1dccRt1bkrD2tPDGeqvXC1BBLYd/Klq1VbtIcnrhfmvQM6KaXbiLcY9VWKzcZPOTmnyZ8TaHQ=="],

    "@rspack/binding-win32-ia32-msvc": ["@rspack/binding-win32-ia32-msvc@1.4.11", "", { "os": "win32", "cpu": "ia32" }, "sha512-EU2fQGwrRfwFd/tcOInlD0jy6gNQE4Q3Ayj0Is+cX77sbhPPyyOz0kZDEaQ4qaN2VU8w4Hu/rrD7c0GAKLFvCw=="],

    "@rspack/binding-win32-x64-msvc": ["@rspack/binding-win32-x64-msvc@1.4.11", "", { "os": "win32", "cpu": "x64" }, "sha512-1Nc5ZzWqfvE+iJc47qtHFzYYnHsC3awavXrCo74GdGip1vxtksM3G30BlvAQHHVtEmULotWqPbjZpflw/Xk9Ag=="],

    "@rspack/core": ["@rspack/core@1.4.11", "", { "dependencies": { "@module-federation/runtime-tools": "0.17.1", "@rspack/binding": "1.4.11", "@rspack/lite-tapable": "1.0.1" }, "peerDependencies": { "@swc/helpers": ">=0.5.1" }, "optionalPeers": ["@swc/helpers"] }, "sha512-JtKnL6p7Kc/YgWQJF3Woo4OccbgKGyT/4187W4dyex8BMkdQcbqCNIdi6dFk02hwQzxpOOxRSBI4hlGRbz7oYQ=="],

    "@rspack/lite-tapable": ["@rspack/lite-tapable@1.0.1", "", {}, "sha512-VynGOEsVw2s8TAlLf/uESfrgfrq2+rcXB1muPJYBWbsm1Oa6r5qVQhjA5ggM6z/coYPrsVMgovl3Ff7Q7OCp1w=="],

    "@swc/helpers": ["@swc/helpers@0.5.18", "", { "dependencies": { "tslib": "^2.8.0" } }, "sha512-TXTnIcNJQEKwThMMqBXsZ4VGAza6bvN4pa41Rkqoio6QBKMvo+5lexeTMScGCIxtzgQJzElcvIltani+adC5PQ=="],

    "@tsconfig/node10": ["@tsconfig/node10@1.0.12", "", {}, "sha512-UCYBaeFvM11aU2y3YPZ//O5Rhj+xKyzy7mvcIoAjASbigy8mHMryP5cK7dgjlz2hWxh1g5pLw084E0a/wlUSFQ=="],

    "@tsconfig/node12": ["@tsconfig/node12@1.0.11", "", {}, "sha512-cqefuRsh12pWyGsIoBKJA9luFu3mRxCA+ORZvA4ktLSzIuCUtWVxGIuXigEwO5/ywWFMZ2QEGKWvkZG1zDMTag=="],

    "@tsconfig/node14": ["@tsconfig/node14@1.0.3", "", {}, "sha512-ysT8mhdixWK6Hw3i1V2AeRqZ5WfXg1G43mqoYlM2nc6388Fq5jcXyr5mRsqViLx/GJYdoL0bfXD8nmF+Zn/Iow=="],

    "@tsconfig/node16": ["@tsconfig/node16@1.0.4", "", {}, "sha512-vxhUy4J8lyeyinH7Azl1pdd43GJhZH/tP2weN8TntQblOY+A0XbT8DJk1/oCPuOOyg/Ja757rG0CgHcWC8OfMA=="],

    "@tybys/wasm-util": ["@tybys/wasm-util@0.10.1", "", { "dependencies": { "tslib": "^2.4.0" } }, "sha512-9tTaPJLSiejZKx+Bmog4uSubteqTvFrVrURwkmHixBo0G4seD0zUxp98E1DzUBJxLQ3NPwXrGKDiVjwx/DpPsg=="],

    "@types/bun": ["@types/bun@1.3.5", "", { "dependencies": { "bun-types": "1.3.5" } }, "sha512-RnygCqNrd3srIPEWBd5LFeUYG7plCoH2Yw9WaZGyNmdTEei+gWaHqydbaIRkIkcbXwhBT94q78QljxN0Sk838w=="],

    "@types/conventional-commits-parser": ["@types/conventional-commits-parser@5.0.2", "", { "dependencies": { "@types/node": "*" } }, "sha512-BgT2szDXnVypgpNxOK8aL5SGjUdaQbC++WZNjF1Qge3Og2+zhHj+RWhmehLhYyvQwqAmvezruVfOf8+3m74W+g=="],

    "@types/node": ["@types/node@25.0.6", "", { "dependencies": { "undici-types": "~7.16.0" } }, "sha512-NNu0sjyNxpoiW3YuVFfNz7mxSQ+S4X2G28uqg2s+CzoqoQjLPsWSbsFFyztIAqt2vb8kfEAsJNepMGPTxFDx3Q=="],

    "JSONStream": ["JSONStream@1.3.5", "", { "dependencies": { "jsonparse": "^1.2.0", "through": ">=2.2.7 <3" }, "bin": { "JSONStream": "./bin.js" } }, "sha512-E+iruNOY8VV9s4JEbe1aNEm6MiszPRr/UfcHMz0TQh1BXSxHK+ASV1R6W4HpjBhSeS+54PIsAMCBmwD06LLsqQ=="],

    "acorn": ["acorn@8.15.0", "", { "bin": { "acorn": "bin/acorn" } }, "sha512-NZyJarBfL7nWwIq+FDL6Zp/yHEhePMNnnJ0y3qfieCrmNvYct8uvtiV41UvlSe6apAfk0fY1FbWx+NwfmpvtTg=="],

    "acorn-walk": ["acorn-walk@8.3.4", "", { "dependencies": { "acorn": "^8.11.0" } }, "sha512-ueEepnujpqee2o5aIYnvHU6C0A42MNdsIDeqy5BydrkuC5R1ZuUFnm27EeFJGoEHJQgn3uleRvmTXaJgfXbt4g=="],

    "ajv": ["ajv@8.17.1", "", { "dependencies": { "fast-deep-equal": "^3.1.3", "fast-uri": "^3.0.1", "json-schema-traverse": "^1.0.0", "require-from-string": "^2.0.2" } }, "sha512-B/gBuNg5SiMTrPkC+A2+cW0RszwxYmn6VYxB/inlBStS5nx6xHIt/ehKRhIMhqusl7a8LjQoZnjCs5vhwxOQ1g=="],

    "ansi-regex": ["ansi-regex@5.0.1", "", {}, "sha512-quJQXlTSUGL2LH9SUXo8VwsY4soanhgo6LNSm84E1LBcE8s3O0wpdiRzyR9z/ZZJMlMWv37qOOb9pdJlMUEKFQ=="],

    "ansi-styles": ["ansi-styles@4.3.0", "", { "dependencies": { "color-convert": "^2.0.1" } }, "sha512-zbB9rCJAT1rbjiVDb2hqKFHNYLxgtk8NURxZ3IZwD3F6NtxbXZQCnnSi1Lkx+IDohdPlFp222wVALIheZJQSEg=="],

    "arg": ["arg@4.1.3", "", {}, "sha512-58S9QDqG0Xx27YwPSt9fJxivjYl432YCwfDMfZ+71RAqUrZef7LrKQZ3LHLOwCS4FLNBplP533Zx895SeOCHvA=="],

    "argparse": ["argparse@2.0.1", "", {}, "sha512-8+9WqebbFzpX9OR+Wa6O29asIogeRMzcGtAINdpMHHyAg10f05aSFVBbcEqGf/PXw1EjAZ+q2/bEBg3DvurK3Q=="],

    "array-ify": ["array-ify@1.0.0", "", {}, "sha512-c5AMf34bKdvPhQ7tBGhqkgKNUzMr4WUs+WDtC2ZUGOUncbxKMTvqxYctiseW3+L4bA8ec+GcZ6/A/FW4m8ukng=="],

    "bun-types": ["bun-types@1.3.5", "", { "dependencies": { "@types/node": "*" } }, "sha512-inmAYe2PFLs0SUbFOWSVD24sg1jFlMPxOjOSSCYqUgn4Hsc3rDc7dFvfVYjFPNHtov6kgUeulV4SxbuIV/stPw=="],

    "callsites": ["callsites@3.1.0", "", {}, "sha512-P8BjAsXvZS+VIDUI11hHCQEv74YT67YUi5JJFNWIqL235sBmjX4+qx9Muvls5ivyNENctx46xQLQ3aTuE7ssaQ=="],

    "chalk": ["chalk@5.6.2", "", {}, "sha512-7NzBL0rN6fMUW+f7A6Io4h40qQlG+xGmtMxfbnH/K7TAtt8JQWVQK+6g0UXKMeVJoyV5EkkNsErQ8pVD3bLHbA=="],

    "cliui": ["cliui@8.0.1", "", { "dependencies": { "string-width": "^4.2.0", "strip-ansi": "^6.0.1", "wrap-ansi": "^7.0.0" } }, "sha512-BSeNnyus75C4//NQ9gQt1/csTXyo/8Sb+afLAkzAptFuMsod9HFokGNudZpi/oQV73hnVK+sR+5PVRMd+Dr7YQ=="],

    "color-convert": ["color-convert@2.0.1", "", { "dependencies": { "color-name": "~1.1.4" } }, "sha512-RRECPsj7iu/xb5oKYcsFHSppFNnsj/52OVTRKb4zP5onXwVF3zVmmToNcOfGC+CRDpfK/U584fMg38ZHCaElKQ=="],

    "color-name": ["color-name@1.1.4", "", {}, "sha512-dOy+3AuW3a2wNbZHIuMZpTcgjGuLU/uBL/ubcZF9OXbDo8ff4O8yVp5Bf0efS8uEoYo5q4Fx7dY9OgQGXgAsQA=="],

    "compare-func": ["compare-func@2.0.0", "", { "dependencies": { "array-ify": "^1.0.0", "dot-prop": "^5.1.0" } }, "sha512-zHig5N+tPWARooBnb0Zx1MFcdfpyJrfTJ3Y5L+IFvUm8rM74hHz66z0gw0x4tijh5CorKkKUCnW82R2vmpeCRA=="],

    "conventional-changelog-angular": ["conventional-changelog-angular@7.0.0", "", { "dependencies": { "compare-func": "^2.0.0" } }, "sha512-ROjNchA9LgfNMTTFSIWPzebCwOGFdgkEq45EnvvrmSLvCtAw0HSmrCs7/ty+wAeYUZyNay0YMUNYFTRL72PkBQ=="],

    "conventional-changelog-conventionalcommits": ["conventional-changelog-conventionalcommits@7.0.2", "", { "dependencies": { "compare-func": "^2.0.0" } }, "sha512-NKXYmMR/Hr1DevQegFB4MwfM5Vv0m4UIxKZTTYuD98lpTknaZlSRrDOG4X7wIXpGkfsYxZTghUN+Qq+T0YQI7w=="],

    "conventional-commits-parser": ["conventional-commits-parser@5.0.0", "", { "dependencies": { "JSONStream": "^1.3.5", "is-text-path": "^2.0.0", "meow": "^12.0.1", "split2": "^4.0.0" }, "bin": { "conventional-commits-parser": "cli.mjs" } }, "sha512-ZPMl0ZJbw74iS9LuX9YIAiW8pfM5p3yh2o/NbXHbkFuZzY5jvdi5jFycEOkmBW5H5I7nA+D6f3UcsCLP2vvSEA=="],

    "core-js": ["core-js@3.45.1", "", {}, "sha512-L4NPsJlCfZsPeXukyzHFlg/i7IIVwHSItR0wg0FLNqYClJ4MQYTYLbC7EkjKYRLZF2iof2MUgN0EGy7MdQFChg=="],

    "cosmiconfig": ["cosmiconfig@9.0.0", "", { "dependencies": { "env-paths": "^2.2.1", "import-fresh": "^3.3.0", "js-yaml": "^4.1.0", "parse-json": "^5.2.0" }, "peerDependencies": { "typescript": ">=4.9.5" }, "optionalPeers": ["typescript"] }, "sha512-itvL5h8RETACmOTFc4UfIyB2RfEHi71Ax6E/PivVxq9NseKbOWpeyHEOIbmAw1rs8Ak0VursQNww7lf7YtUwzg=="],

    "cosmiconfig-typescript-loader": ["cosmiconfig-typescript-loader@6.2.0", "", { "dependencies": { "jiti": "^2.6.1" }, "peerDependencies": { "@types/node": "*", "cosmiconfig": ">=9", "typescript": ">=5" } }, "sha512-GEN39v7TgdxgIoNcdkRE3uiAzQt3UXLyHbRHD6YoL048XAeOomyxaP+Hh/+2C6C2wYjxJ2onhJcsQp+L4YEkVQ=="],

    "create-require": ["create-require@1.1.1", "", {}, "sha512-dcKFX3jn0MpIaXjisoRvexIJVEKzaq7z2rZKxf+MSr9TkdmHmsU4m2lcLojrj/FHl8mk5VxMmYA+ftRkP/3oKQ=="],

    "dargs": ["dargs@8.1.0", "", {}, "sha512-wAV9QHOsNbwnWdNW2FYvE1P56wtgSbM+3SZcdGiWQILwVjACCXDCI3Ai8QlCjMDB8YK5zySiXZYBiwGmNY3lnw=="],

    "diff": ["diff@4.0.2", "", {}, "sha512-58lmxKSA4BNyLz+HHMUzlOEpg09FV+ev6ZMe3vJihgdxzgcwZ8VoEEPmALCZG9LmqfVoNMMKpttIYTVG6uDY7A=="],

    "dot-prop": ["dot-prop@5.3.0", "", { "dependencies": { "is-obj": "^2.0.0" } }, "sha512-QM8q3zDe58hqUqjraQOmzZ1LIH9SWQJTlEKCH4kJ2oQvLZk7RbQXvtDM2XEq3fwkV9CCvvH4LA0AV+ogFsBM2Q=="],

    "emoji-regex": ["emoji-regex@8.0.0", "", {}, "sha512-MSjYzcWNOA0ewAHpz0MxpYFvwg6yjy1NG3xteoqz644VCo/RPgnr1/GGt+ic3iJTzQ8Eu3TdM14SawnVUmGE6A=="],

    "env-paths": ["env-paths@2.2.1", "", {}, "sha512-+h1lkLKhZMTYjog1VEpJNG7NZJWcuc2DDk/qsqSTRRCOXiLjeQ1d1/udrUGhqMxUgAlwKNZ0cf2uqan5GLuS2A=="],

    "error-ex": ["error-ex@1.3.4", "", { "dependencies": { "is-arrayish": "^0.2.1" } }, "sha512-sqQamAnR14VgCr1A618A3sGrygcpK+HEbenA/HiEAkkUwcZIIB/tgWqHFxWgOyDh4nB4JCRimh79dR5Ywc9MDQ=="],

    "escalade": ["escalade@3.2.0", "", {}, "sha512-WUj2qlxaQtO4g6Pq5c29GTcWGDyd8itL8zTlipgECz3JesAiiOKotd8JU6otB3PACgG6xkJUyVhboMS+bje/jA=="],

    "fast-deep-equal": ["fast-deep-equal@3.1.3", "", {}, "sha512-f3qQ9oQy9j2AhBe/H9VC91wLmKBCCU/gDOnKNAYG5hswO7BLKj09Hc5HYNz9cGI++xlpDCIgDaitVs03ATR84Q=="],

    "fast-uri": ["fast-uri@3.1.0", "", {}, "sha512-iPeeDKJSWf4IEOasVVrknXpaBV0IApz/gp7S2bb7Z4Lljbl2MGJRqInZiUrQwV16cpzw/D3S5j5Julj/gT52AA=="],

    "fdir": ["fdir@6.5.0", "", { "peerDependencies": { "picomatch": "^3 || ^4" }, "optionalPeers": ["picomatch"] }, "sha512-tIbYtZbucOs0BRGqPJkshJUYdL+SDH7dVM8gjy+ERp3WAUjLEFJE+02kanyHtwjWOnwrKYBiwAmM0p4kLJAnXg=="],

    "find-up": ["find-up@7.0.0", "", { "dependencies": { "locate-path": "^7.2.0", "path-exists": "^5.0.0", "unicorn-magic": "^0.1.0" } }, "sha512-YyZM99iHrqLKjmt4LJDj58KI+fYyufRLBSYcqycxf//KpBk9FoewoGX0450m9nB44qrZnovzC2oeP5hUibxc/g=="],

    "get-caller-file": ["get-caller-file@2.0.5", "", {}, "sha512-DyFP3BM/3YHTQOCUL/w0OZHR0lpKeGrxotcHWcqNEdnltqFwXVfhEBQ94eIo34AfQpo0rGki4cyIiftY06h2Fg=="],

    "git-raw-commits": ["git-raw-commits@4.0.0", "", { "dependencies": { "dargs": "^8.0.0", "meow": "^12.0.1", "split2": "^4.0.0" }, "bin": { "git-raw-commits": "cli.mjs" } }, "sha512-ICsMM1Wk8xSGMowkOmPrzo2Fgmfo4bMHLNX6ytHjajRJUqvHOw/TFapQ+QG75c3X/tTDDhOSRPGC52dDbNM8FQ=="],

    "global-directory": ["global-directory@4.0.1", "", { "dependencies": { "ini": "4.1.1" } }, "sha512-wHTUcDUoZ1H5/0iVqEudYW4/kAlN5cZ3j/bXn0Dpbizl9iaUVeWSHqiOjsgk6OW2bkLclbBjzewBz6weQ1zA2Q=="],

    "husky": ["husky@9.1.7", "", { "bin": { "husky": "bin.js" } }, "sha512-5gs5ytaNjBrh5Ow3zrvdUUY+0VxIuWVL4i9irt6friV+BqdCfmV11CQTWMiBYWHbXhco+J1kHfTOUkePhCDvMA=="],

    "import-fresh": ["import-fresh@3.3.1", "", { "dependencies": { "parent-module": "^1.0.0", "resolve-from": "^4.0.0" } }, "sha512-TR3KfrTZTYLPB6jUjfx6MF9WcWrHL9su5TObK4ZkYgBdWKPOFoSoQIdEuTuR82pmtxH2spWG9h6etwfr1pLBqQ=="],

    "import-meta-resolve": ["import-meta-resolve@4.2.0", "", {}, "sha512-Iqv2fzaTQN28s/FwZAoFq0ZSs/7hMAHJVX+w8PZl3cY19Pxk6jFFalxQoIfW2826i/fDLXv8IiEZRIT0lDuWcg=="],

    "ini": ["ini@4.1.1", "", {}, "sha512-QQnnxNyfvmHFIsj7gkPcYymR8Jdw/o7mp5ZFihxn6h8Ci6fh3Dx4E1gPjpQEpIuPo9XVNY/ZUwh4BPMjGyL01g=="],

    "is-arrayish": ["is-arrayish@0.2.1", "", {}, "sha512-zz06S8t0ozoDXMG+ube26zeCTNXcKIPJZJi8hBrF4idCLms4CG9QtK7qBl1boi5ODzFpjswb5JPmHCbMpjaYzg=="],

    "is-fullwidth-code-point": ["is-fullwidth-code-point@3.0.0", "", {}, "sha512-zymm5+u+sCsSWyD9qNaejV3DFvhCKclKdizYaJUuHA83RLjb7nSuGnddCHGv0hk+KY7BMAlsWeK4Ueg6EV6XQg=="],

    "is-obj": ["is-obj@2.0.0", "", {}, "sha512-drqDG3cbczxxEJRoOXcOjtdp1J/lyp1mNn0xaznRs8+muBhgQcrnbspox5X5fOw0HnMnbfDzvnEMEtqDEJEo8w=="],

    "is-text-path": ["is-text-path@2.0.0", "", { "dependencies": { "text-extensions": "^2.0.0" } }, "sha512-+oDTluR6WEjdXEJMnC2z6A4FRwFoYuvShVVEGsS7ewc0UTi2QtAKMDJuL4BDEVt+5T7MjFo12RP8ghOM75oKJw=="],

    "jiti": ["jiti@2.6.1", "", { "bin": { "jiti": "lib/jiti-cli.mjs" } }, "sha512-ekilCSN1jwRvIbgeg/57YFh8qQDNbwDb9xT/qu2DAHbFFZUicIl4ygVaAvzveMhMVr3LnpSKTNnwt8PoOfmKhQ=="],

    "js-tokens": ["js-tokens@4.0.0", "", {}, "sha512-RdJUflcE3cUzKiMqQgsCu06FPu9UdIJO0beYbPhHN4k6apgJtifcoCtT9bcxOpYBtpD2kCM6Sbzg4CausW/PKQ=="],

    "js-yaml": ["js-yaml@4.1.1", "", { "dependencies": { "argparse": "^2.0.1" }, "bin": { "js-yaml": "bin/js-yaml.js" } }, "sha512-qQKT4zQxXl8lLwBtHMWwaTcGfFOZviOJet3Oy/xmGk2gZH677CJM9EvtfdSkgWcATZhj/55JZ0rmy3myCT5lsA=="],

    "json-parse-even-better-errors": ["json-parse-even-better-errors@2.3.1", "", {}, "sha512-xyFwyhro/JEof6Ghe2iz2NcXoj2sloNsWr/XsERDK/oiPCfaNhl5ONfp+jQdAZRQQ0IJWNzH9zIZF7li91kh2w=="],

    "json-schema-traverse": ["json-schema-traverse@1.0.0", "", {}, "sha512-NM8/P9n3XjXhIZn1lLhkFaACTOURQXjWhV4BA/RnOv8xvgqtqpAX9IO4mRQxSx1Rlo4tqzeqb0sOlruaOy3dug=="],

    "json5": ["json5@2.2.3", "", { "bin": { "json5": "lib/cli.js" } }, "sha512-XmOWe7eyHYH14cLdVPoyg+GOH3rYX++KpzrylJwSW98t3Nk+U8XOl8FWKOgwtzdb8lXGf6zYwDUzeHMWfxasyg=="],

    "jsonparse": ["jsonparse@1.3.1", "", {}, "sha512-POQXvpdL69+CluYsillJ7SUhKvytYjW9vG/GKpnf+xP8UWgYEM/RaMzHHofbALDiKbbP1W8UEYmgGl39WkPZsg=="],

    "lines-and-columns": ["lines-and-columns@1.2.4", "", {}, "sha512-7ylylesZQ/PV29jhEDl3Ufjo6ZX7gCqJr5F7PKrqc93v7fzSymt1BpwEU8nAUXs8qzzvqhbjhK5QZg6Mt/HkBg=="],

    "locate-path": ["locate-path@7.2.0", "", { "dependencies": { "p-locate": "^6.0.0" } }, "sha512-gvVijfZvn7R+2qyPX8mAuKcFGDf6Nc61GdvGafQsHL0sBIxfKzA+usWn4GFC/bk+QdwPUD4kWFJLhElipq+0VA=="],

    "lodash.camelcase": ["lodash.camelcase@4.3.0", "", {}, "sha512-TwuEnCnxbc3rAvhf/LbG7tJUDzhqXyFnv3dtzLOPgCG/hODL7WFnsbwktkD7yUV0RrreP/l1PALq/YSg6VvjlA=="],

    "lodash.isplainobject": ["lodash.isplainobject@4.0.6", "", {}, "sha512-oSXzaWypCMHkPC3NvBEaPHf0KsA5mvPrOPgQWDsbg8n7orZ290M0BmC/jgRZ4vcJ6DTAhjrsSYgdsW/F+MFOBA=="],

    "lodash.kebabcase": ["lodash.kebabcase@4.1.1", "", {}, "sha512-N8XRTIMMqqDgSy4VLKPnJ/+hpGZN+PHQiJnSenYqPaVV/NCqEogTnAdZLQiGKhxX+JCs8waWq2t1XHWKOmlY8g=="],

    "lodash.merge": ["lodash.merge@4.6.2", "", {}, "sha512-0KpjqXRVvrYyCsX1swR/XTK0va6VQkQM6MNo7PqW77ByjAhoARA8EfrP1N4+KlKj8YS0ZUCtRT/YUuhyYDujIQ=="],

    "lodash.mergewith": ["lodash.mergewith@4.6.2", "", {}, "sha512-GK3g5RPZWTRSeLSpgP8Xhra+pnjBC56q9FZYe1d5RN3TJ35dbkGy3YqBSMbyCrlbi+CM9Z3Jk5yTL7RCsqboyQ=="],

    "lodash.snakecase": ["lodash.snakecase@4.1.1", "", {}, "sha512-QZ1d4xoBHYUeuouhEq3lk3Uq7ldgyFXGBhg04+oRLnIz8o9T65Eh+8YdroUwn846zchkA9yDsDl5CVVaV2nqYw=="],

    "lodash.startcase": ["lodash.startcase@4.4.0", "", {}, "sha512-+WKqsK294HMSc2jEbNgpHpd0JfIBhp7rEV4aqXWqFr6AlXov+SlcgB1Fv01y2kGe3Gc8nMW7VA0SrGuSkRfIEg=="],

    "lodash.uniq": ["lodash.uniq@4.5.0", "", {}, "sha512-xfBaXQd9ryd9dlSDvnvI0lvxfLJlYAZzXomUYzLKtUeOQvOP5piqAWuGtrhWeqaXK9hhoM/iyJc5AV+XfsX3HQ=="],

    "lodash.upperfirst": ["lodash.upperfirst@4.3.1", "", {}, "sha512-sReKOYJIJf74dhJONhU4e0/shzi1trVbSWDOhKYE5XV2O+H7Sb2Dihwuc7xWxVl+DgFPyTqIN3zMfT9cq5iWDg=="],

    "magic-string": ["magic-string@0.30.21", "", { "dependencies": { "@jridgewell/sourcemap-codec": "^1.5.5" } }, "sha512-vd2F4YUyEXKGcLHoq+TEyCjxueSeHnFxyyjNp80yg0XV4vUhnDer/lvvlqM/arB5bXQN5K2/3oinyCRyx8T2CQ=="],

    "make-error": ["make-error@1.3.6", "", {}, "sha512-s8UhlNe7vPKomQhC1qFelMokr/Sc3AgNbso3n74mVPA5LTZwkB9NlXf4XPamLxJE8h0gh73rM94xvwRT2CVInw=="],

    "meow": ["meow@12.1.1", "", {}, "sha512-BhXM0Au22RwUneMPwSCnyhTOizdWoIEPU9sp0Aqa1PnDMR5Wv2FGXYDjuzJEIX+Eo2Rb8xuYe5jrnm5QowQFkw=="],

    "minimist": ["minimist@1.2.8", "", {}, "sha512-2yyAR8qBkN3YuheJanUpWC5U3bb5osDywNB8RzDVlDwDHbocAJveqqj1u8+SVD7jkWT4yvsHCpWqqWqAxb0zCA=="],

    "p-limit": ["p-limit@4.0.0", "", { "dependencies": { "yocto-queue": "^1.0.0" } }, "sha512-5b0R4txpzjPWVw/cXXUResoD4hb6U/x9BH08L7nw+GN1sezDzPdxeRvpc9c433fZhBan/wusjbCsqwqm4EIBIQ=="],

    "p-locate": ["p-locate@6.0.0", "", { "dependencies": { "p-limit": "^4.0.0" } }, "sha512-wPrq66Llhl7/4AGC6I+cqxT07LhXvWL08LNXz1fENOw0Ap4sRZZ/gZpTTJ5jpurzzzfS2W/Ge9BY3LgLjCShcw=="],

    "parent-module": ["parent-module@1.0.1", "", { "dependencies": { "callsites": "^3.0.0" } }, "sha512-GQ2EWRpQV8/o+Aw8YqtfZZPfNRWZYkbidE9k5rpl/hC3vtHHBfGm2Ifi6qWV+coDGkrUKZAxE3Lot5kcsRlh+g=="],

    "parse-json": ["parse-json@5.2.0", "", { "dependencies": { "@babel/code-frame": "^7.0.0", "error-ex": "^1.3.1", "json-parse-even-better-errors": "^2.3.0", "lines-and-columns": "^1.1.6" } }, "sha512-ayCKvm/phCGxOkYRSCM82iDwct8/EonSEgCSxWxD7ve6jHggsFl4fZVQBPRNgQoKiuV/odhFrGzQXZwbifC8Rg=="],

    "path-exists": ["path-exists@5.0.0", "", {}, "sha512-RjhtfwJOxzcFmNOi6ltcbcu4Iu+FL3zEj83dk4kAS+fVpTxXLO1b38RvJgT/0QwvV/L3aY9TAnyv0EOqW4GoMQ=="],

    "picocolors": ["picocolors@1.1.1", "", {}, "sha512-xceH2snhtb5M9liqDsmEw56le376mTZkEX/jEb/RxNFyegNul7eNslCXP9FDj/Lcu0X8KEyMceP2ntpaHrDEVA=="],

    "picomatch": ["picomatch@4.0.3", "", {}, "sha512-5gTmgEY/sqK6gFXLIsQNH19lWb4ebPDLA4SdLP7dsWkIXHWlG66oPuVvXSGFPppYZz8ZDZq0dYYrbHfBCVUb1Q=="],

    "pinst": ["pinst@3.0.0", "", { "bin": { "pinst": "bin.js" } }, "sha512-cengSmBxtCyaJqtRSvJorIIZXMXg+lJ3sIljGmtBGUVonMnMsVJbnzl6jGN1HkOWwxNuJynCJ2hXxxqCQrFDdw=="],

    "require-directory": ["require-directory@2.1.1", "", {}, "sha512-fGxEI7+wsG9xrvdjsrlmL22OMTTiHRwAMroiEeMgq8gzoLC/PQr7RsRDSTLUg/bZAZtF+TVIkHc6/4RIKrui+Q=="],

    "require-from-string": ["require-from-string@2.0.2", "", {}, "sha512-Xf0nWe6RseziFMu+Ap9biiUbmplq6S9/p+7w7YXP/JBHhrUDDUhwa+vANyubuqfZWTveU//DYVGsDG7RKL/vEw=="],

    "resolve-from": ["resolve-from@5.0.0", "", {}, "sha512-qYg9KP24dD5qka9J47d0aVky0N+b4fTU89LN9iDnjB5waksiC49rvMB0PrUJQGoTmH50XPiqOvAjDfaijGxYZw=="],

    "rsbuild-plugin-dts": ["rsbuild-plugin-dts@0.10.6", "", { "dependencies": { "@ast-grep/napi": "0.37.0", "magic-string": "^0.30.17", "picocolors": "1.1.1", "tinyglobby": "^0.2.14", "tsconfig-paths": "^4.2.0" }, "peerDependencies": { "@microsoft/api-extractor": "^7", "@rsbuild/core": "1.x", "typescript": "^5" }, "optionalPeers": ["@microsoft/api-extractor", "typescript"] }, "sha512-rVP82fFMDHW0GirhYx+w2bER1HhkOKJ8e/bAAF2OkMUP2k2fviMpl/gsnbO8KI9vcSqsQE2QXHkj781m6W84Ow=="],

    "semver": ["semver@7.7.3", "", { "bin": { "semver": "bin/semver.js" } }, "sha512-SdsKMrI9TdgjdweUSR9MweHA4EJ8YxHn8DFaDisvhVlUOe4BF1tLD7GAj0lIqWVl+dPb/rExr0Btby5loQm20Q=="],

    "split2": ["split2@4.2.0", "", {}, "sha512-UcjcJOWknrNkF6PLX83qcHM6KHgVKNkV62Y8a5uYDVv9ydGQVwAHMKqHdJje1VTWpljG0WYpCDhrCdAOYH4TWg=="],

    "string-width": ["string-width@4.2.3", "", { "dependencies": { "emoji-regex": "^8.0.0", "is-fullwidth-code-point": "^3.0.0", "strip-ansi": "^6.0.1" } }, "sha512-wKyQRQpjJ0sIp62ErSZdGsjMJWsap5oRNihHhu6G7JVO/9jIB6UyevL+tXuOqrng8j/cxKTWyWUwvSTriiZz/g=="],

    "strip-ansi": ["strip-ansi@6.0.1", "", { "dependencies": { "ansi-regex": "^5.0.1" } }, "sha512-Y38VPSHcqkFrCpFnQ9vuSXmquuv5oXOKpGeT6aGrr3o3Gc9AlVa6JBfUSOCnbxGGZF+/0ooI7KrPuUSztUdU5A=="],

    "strip-bom": ["strip-bom@3.0.0", "", {}, "sha512-vavAMRXOgBVNF6nyEEmL3DBK19iRpDcoIwW+swQ+CbGiu7lju6t+JklA1MHweoWtadgt4ISVUsXLyDq34ddcwA=="],

    "text-extensions": ["text-extensions@2.4.0", "", {}, "sha512-te/NtwBwfiNRLf9Ijqx3T0nlqZiQ2XrrtBvu+cLL8ZRrGkO0NHTug8MYFKyoSrv/sHTaSKfilUkizV6XhxMJ3g=="],

    "through": ["through@2.3.8", "", {}, "sha512-w89qg7PI8wAdvX60bMDP+bFoD5Dvhm9oLheFp5O4a2QF0cSBGsBX4qZmadPMvVqlLJBBci+WqGGOAPvcDeNSVg=="],

    "tinyexec": ["tinyexec@1.0.2", "", {}, "sha512-W/KYk+NFhkmsYpuHq5JykngiOCnxeVL8v8dFnqxSD8qEEdRfXk1SDM6JzNqcERbcGYj9tMrDQBYV9cjgnunFIg=="],

    "tinyglobby": ["tinyglobby@0.2.15", "", { "dependencies": { "fdir": "^6.5.0", "picomatch": "^4.0.3" } }, "sha512-j2Zq4NyQYG5XMST4cbs02Ak8iJUdxRM0XI5QyxXuZOzKOINmWurp3smXu3y5wDcJrptwpSjgXHzIQxR0omXljQ=="],

    "ts-node": ["ts-node@10.9.2", "", { "dependencies": { "@cspotcode/source-map-support": "^0.8.0", "@tsconfig/node10": "^1.0.7", "@tsconfig/node12": "^1.0.7", "@tsconfig/node14": "^1.0.0", "@tsconfig/node16": "^1.0.2", "acorn": "^8.4.1", "acorn-walk": "^8.1.1", "arg": "^4.1.0", "create-require": "^1.1.0", "diff": "^4.0.1", "make-error": "^1.1.1", "v8-compile-cache-lib": "^3.0.1", "yn": "3.1.1" }, "peerDependencies": { "@swc/core": ">=1.2.50", "@swc/wasm": ">=1.2.50", "@types/node": "*", "typescript": ">=2.7" }, "optionalPeers": ["@swc/core", "@swc/wasm"], "bin": { "ts-node": "dist/bin.js", "ts-script": "dist/bin-script-deprecated.js", "ts-node-cwd": "dist/bin-cwd.js", "ts-node-esm": "dist/bin-esm.js", "ts-node-script": "dist/bin-script.js", "ts-node-transpile-only": "dist/bin-transpile.js" } }, "sha512-f0FFpIdcHgn8zcPSbf1dRevwt047YMnaiJM3u2w2RewrB+fob/zePZcrOyQoLMMO7aBIddLcQIEK5dYjkLnGrQ=="],

    "tsconfig-paths": ["tsconfig-paths@4.2.0", "", { "dependencies": { "json5": "^2.2.2", "minimist": "^1.2.6", "strip-bom": "^3.0.0" } }, "sha512-NoZ4roiN7LnbKn9QqE1amc9DJfzvZXxF4xDavcOWt1BPkdx+m+0gJuPM+S0vCe7zTJMYUP0R8pO2XMr+Y8oLIg=="],

    "tslib": ["tslib@2.8.1", "", {}, "sha512-oJFu94HQb+KVduSUQL7wnpmqnfmLsOA/nAh6b6EH0wCEoK0/mPeXU6c3wKDV83MkOuHPRHtSXKKU99IBazS/2w=="],

    "typescript": ["typescript@5.8.3", "", { "bin": { "tsc": "bin/tsc", "tsserver": "bin/tsserver" } }, "sha512-p1diW6TqL9L07nNxvRMM7hMMw4c5XOo/1ibL4aAIGmSAt9slTE1Xgw5KWuof2uTOvCg9BY7ZRi+GaF+7sfgPeQ=="],

    "undici-types": ["undici-types@7.16.0", "", {}, "sha512-Zz+aZWSj8LE6zoxD+xrjh4VfkIG8Ya6LvYkZqtUQGJPZjYl53ypCaUwWqo7eI0x66KBGeRo+mlBEkMSeSZ38Nw=="],

    "unicorn-magic": ["unicorn-magic@0.1.0", "", {}, "sha512-lRfVq8fE8gz6QMBuDM6a+LO3IAzTi05H6gCVaUpir2E1Rwpo4ZUog45KpNXKC/Mn3Yb9UDuHumeFTo9iV/D9FQ=="],

    "v8-compile-cache-lib": ["v8-compile-cache-lib@3.0.1", "", {}, "sha512-wa7YjyUGfNZngI/vtK0UHAN+lgDCxBPCylVXGp0zu59Fz5aiGtNXaq3DhIov063MorB+VfufLh3JlF2KdTK3xg=="],

    "wrap-ansi": ["wrap-ansi@7.0.0", "", { "dependencies": { "ansi-styles": "^4.0.0", "string-width": "^4.1.0", "strip-ansi": "^6.0.0" } }, "sha512-YVGIj2kamLSTxw6NsZjoBxfSwsn0ycdesmc4p+Q21c5zPuZ1pl+NfxVdxPtdHvmNVOQ6XSYG4AUtyt/Fi7D16Q=="],

    "y18n": ["y18n@5.0.8", "", {}, "sha512-0pfFzegeDWJHJIAmTLRP2DwHjdF5s7jo9tuztdQxAhINCdvS+3nGINqPd00AphqJR/0LhANUS6/+7SCb98YOfA=="],

    "yargs": ["yargs@17.7.2", "", { "dependencies": { "cliui": "^8.0.1", "escalade": "^3.1.1", "get-caller-file": "^2.0.5", "require-directory": "^2.1.1", "string-width": "^4.2.3", "y18n": "^5.0.5", "yargs-parser": "^21.1.1" } }, "sha512-7dSzzRQ++CKnNI/krKnYRV7JKKPUXMEh61soaHKg9mrWEhzFWhFnxPxGl+69cD1Ou63C13NUPCnmIcrvqCuM6w=="],

    "yargs-parser": ["yargs-parser@21.1.1", "", {}, "sha512-tVpsJW7DdjecAiFpbIB1e3qxIQsE6NoPc5/eTdrbbIC4h0LVsWhnoa3g+m2HclBIujHzsxZ4VJVA+GUuc2/LBw=="],

    "yn": ["yn@3.1.1", "", {}, "sha512-Ux4ygGWsu2c7isFWe8Yu1YluJmqVhxqK2cLXNQA5AcC3QfbGNpM7fu0Y8b/z16pXLnFxZYvWhd3fhBY9DLmC6Q=="],

    "yocto-queue": ["yocto-queue@1.2.2", "", {}, "sha512-4LCcse/U2MHZ63HAJVE+v71o7yOdIe4cZ70Wpf8D/IyjDKYQLV5GD46B+hSTjJsvV5PztjvHoU580EftxjDZFQ=="],

    "import-fresh/resolve-from": ["resolve-from@4.0.0", "", {}, "sha512-pb/MYmXstAkysRFx8piNI1tGFNQIFA3vkE3Gq4EuA1dF6gHp/+vgZqsCGJapvy8N3Q+4o7FwvquPJcnZ7RYy4g=="],
  }
}
