# This file is generated by running "yarn install" inside your project.
# Manual changes might be lost - proceed with caution!

__metadata:
  version: 6
  cacheKey: 8

"@ast-grep/napi-darwin-arm64@npm:0.37.0":
  version: 0.37.0
  resolution: "@ast-grep/napi-darwin-arm64@npm:0.37.0"
  conditions: os=darwin & cpu=arm64
  languageName: node
  linkType: hard

"@ast-grep/napi-darwin-x64@npm:0.37.0":
  version: 0.37.0
  resolution: "@ast-grep/napi-darwin-x64@npm:0.37.0"
  conditions: os=darwin & cpu=x64
  languageName: node
  linkType: hard

"@ast-grep/napi-linux-arm64-gnu@npm:0.37.0":
  version: 0.37.0
  resolution: "@ast-grep/napi-linux-arm64-gnu@npm:0.37.0"
  conditions: os=linux & cpu=arm64 & libc=glibc
  languageName: node
  linkType: hard

"@ast-grep/napi-linux-arm64-musl@npm:0.37.0":
  version: 0.37.0
  resolution: "@ast-grep/napi-linux-arm64-musl@npm:0.37.0"
  conditions: os=linux & cpu=arm64 & libc=musl
  languageName: node
  linkType: hard

"@ast-grep/napi-linux-x64-gnu@npm:0.37.0":
  version: 0.37.0
  resolution: "@ast-grep/napi-linux-x64-gnu@npm:0.37.0"
  conditions: os=linux & cpu=x64 & libc=glibc
  languageName: node
  linkType: hard

"@ast-grep/napi-linux-x64-musl@npm:0.37.0":
  version: 0.37.0
  resolution: "@ast-grep/napi-linux-x64-musl@npm:0.37.0"
  conditions: os=linux & cpu=x64 & libc=musl
  languageName: node
  linkType: hard

"@ast-grep/napi-win32-arm64-msvc@npm:0.37.0":
  version: 0.37.0
  resolution: "@ast-grep/napi-win32-arm64-msvc@npm:0.37.0"
  conditions: os=win32 & cpu=arm64
  languageName: node
  linkType: hard

"@ast-grep/napi-win32-ia32-msvc@npm:0.37.0":
  version: 0.37.0
  resolution: "@ast-grep/napi-win32-ia32-msvc@npm:0.37.0"
  conditions: os=win32 & cpu=ia32
  languageName: node
  linkType: hard

"@ast-grep/napi-win32-x64-msvc@npm:0.37.0":
  version: 0.37.0
  resolution: "@ast-grep/napi-win32-x64-msvc@npm:0.37.0"
  conditions: os=win32 & cpu=x64
  languageName: node
  linkType: hard

"@ast-grep/napi@npm:0.37.0":
  version: 0.37.0
  resolution: "@ast-grep/napi@npm:0.37.0"
  dependencies:
    "@ast-grep/napi-darwin-arm64": 0.37.0
    "@ast-grep/napi-darwin-x64": 0.37.0
    "@ast-grep/napi-linux-arm64-gnu": 0.37.0
    "@ast-grep/napi-linux-arm64-musl": 0.37.0
    "@ast-grep/napi-linux-x64-gnu": 0.37.0
    "@ast-grep/napi-linux-x64-musl": 0.37.0
    "@ast-grep/napi-win32-arm64-msvc": 0.37.0
    "@ast-grep/napi-win32-ia32-msvc": 0.37.0
    "@ast-grep/napi-win32-x64-msvc": 0.37.0
  dependenciesMeta:
    "@ast-grep/napi-darwin-arm64":
      optional: true
    "@ast-grep/napi-darwin-x64":
      optional: true
    "@ast-grep/napi-linux-arm64-gnu":
      optional: true
    "@ast-grep/napi-linux-arm64-musl":
      optional: true
    "@ast-grep/napi-linux-x64-gnu":
      optional: true
    "@ast-grep/napi-linux-x64-musl":
      optional: true
    "@ast-grep/napi-win32-arm64-msvc":
      optional: true
    "@ast-grep/napi-win32-ia32-msvc":
      optional: true
    "@ast-grep/napi-win32-x64-msvc":
      optional: true
  checksum: 06fbeaef10f36905604c12b1353f53f3058eb7409f328f817734ef34546a779ffeedfe0c150778bdcb576b221f03e2f9a55fc7b94368de8b36063f11309164d3
  languageName: node
  linkType: hard

"@biomejs/biome@npm:2.1.1":
  version: 2.1.1
  resolution: "@biomejs/biome@npm:2.1.1"
  dependencies:
    "@biomejs/cli-darwin-arm64": 2.1.1
    "@biomejs/cli-darwin-x64": 2.1.1
    "@biomejs/cli-linux-arm64": 2.1.1
    "@biomejs/cli-linux-arm64-musl": 2.1.1
    "@biomejs/cli-linux-x64": 2.1.1
    "@biomejs/cli-linux-x64-musl": 2.1.1
    "@biomejs/cli-win32-arm64": 2.1.1
    "@biomejs/cli-win32-x64": 2.1.1
  dependenciesMeta:
    "@biomejs/cli-darwin-arm64":
      optional: true
    "@biomejs/cli-darwin-x64":
      optional: true
    "@biomejs/cli-linux-arm64":
      optional: true
    "@biomejs/cli-linux-arm64-musl":
      optional: true
    "@biomejs/cli-linux-x64":
      optional: true
    "@biomejs/cli-linux-x64-musl":
      optional: true
    "@biomejs/cli-win32-arm64":
      optional: true
    "@biomejs/cli-win32-x64":
      optional: true
  bin:
    biome: bin/biome
  checksum: 9fb0137fdd93ec4037c37ea10f38bb0cc387073e2d2375895aceef9b4fc09452cda4d706d52e05ca154f3f698b4e533e71d4c65a0fb549b66887224f224c246b
  languageName: node
  linkType: hard

"@biomejs/cli-darwin-arm64@npm:2.1.1":
  version: 2.1.1
  resolution: "@biomejs/cli-darwin-arm64@npm:2.1.1"
  conditions: os=darwin & cpu=arm64
  languageName: node
  linkType: hard

"@biomejs/cli-darwin-x64@npm:2.1.1":
  version: 2.1.1
  resolution: "@biomejs/cli-darwin-x64@npm:2.1.1"
  conditions: os=darwin & cpu=x64
  languageName: node
  linkType: hard

"@biomejs/cli-linux-arm64-musl@npm:2.1.1":
  version: 2.1.1
  resolution: "@biomejs/cli-linux-arm64-musl@npm:2.1.1"
  conditions: os=linux & cpu=arm64 & libc=musl
  languageName: node
  linkType: hard

"@biomejs/cli-linux-arm64@npm:2.1.1":
  version: 2.1.1
  resolution: "@biomejs/cli-linux-arm64@npm:2.1.1"
  conditions: os=linux & cpu=arm64 & libc=glibc
  languageName: node
  linkType: hard

"@biomejs/cli-linux-x64-musl@npm:2.1.1":
  version: 2.1.1
  resolution: "@biomejs/cli-linux-x64-musl@npm:2.1.1"
  conditions: os=linux & cpu=x64 & libc=musl
  languageName: node
  linkType: hard

"@biomejs/cli-linux-x64@npm:2.1.1":
  version: 2.1.1
  resolution: "@biomejs/cli-linux-x64@npm:2.1.1"
  conditions: os=linux & cpu=x64 & libc=glibc
  languageName: node
  linkType: hard

"@biomejs/cli-win32-arm64@npm:2.1.1":
  version: 2.1.1
  resolution: "@biomejs/cli-win32-arm64@npm:2.1.1"
  conditions: os=win32 & cpu=arm64
  languageName: node
  linkType: hard

"@biomejs/cli-win32-x64@npm:2.1.1":
  version: 2.1.1
  resolution: "@biomejs/cli-win32-x64@npm:2.1.1"
  conditions: os=win32 & cpu=x64
  languageName: node
  linkType: hard

"@cspotcode/source-map-support@npm:^0.8.0":
  version: 0.8.1
  resolution: "@cspotcode/source-map-support@npm:0.8.1"
  dependencies:
    "@jridgewell/trace-mapping": 0.3.9
  checksum: 5718f267085ed8edb3e7ef210137241775e607ee18b77d95aa5bd7514f47f5019aa2d82d96b3bf342ef7aa890a346fa1044532ff7cc3009e7d24fce3ce6200fa
  languageName: node
  linkType: hard

"@duckbug/js@workspace:.":
  version: 0.0.0-use.local
  resolution: "@duckbug/js@workspace:."
  dependencies:
    "@biomejs/biome": 2.1.1
    "@rslib/core": 0.10.6
    husky: 9.1.7
    pinst: 3.0.0
    ts-node: 10.9.2
    typescript: 5.8.3
  languageName: unknown
  linkType: soft

"@emnapi/core@npm:^1.4.5":
  version: 1.4.5
  resolution: "@emnapi/core@npm:1.4.5"
  dependencies:
    "@emnapi/wasi-threads": 1.0.4
    tslib: ^2.4.0
  checksum: ae4800fe2bcc1c790e588ce19e299fa85c6e1fe2a4ac44eda26be1ad4220b6121de18a735d5fa81307a86576fe2038ab53bde5f8f6aa3708b9276d6600a50b52
  languageName: node
  linkType: hard

"@emnapi/runtime@npm:^1.4.5":
  version: 1.4.5
  resolution: "@emnapi/runtime@npm:1.4.5"
  dependencies:
    tslib: ^2.4.0
  checksum: 99ab25d55cf1ceeec12f83b60f48e744f8e1dfc8d52a2ed81b3b09bf15182e61ef55f25b69d51ec83044861bddaa4404e7c3285bf71dd518a7980867e41c2a10
  languageName: node
  linkType: hard

"@emnapi/wasi-threads@npm:1.0.4":
  version: 1.0.4
  resolution: "@emnapi/wasi-threads@npm:1.0.4"
  dependencies:
    tslib: ^2.4.0
  checksum: 106cbb0c86e0e5a8830a3262105a6531e09ebcc21724f0da64ec49d76d87cbf894e0afcbc3a3621a104abf7465e3f758bffb5afa61a308c31abc847525c10d93
  languageName: node
  linkType: hard

"@jridgewell/resolve-uri@npm:^3.0.3":
  version: 3.1.2
  resolution: "@jridgewell/resolve-uri@npm:3.1.2"
  checksum: 83b85f72c59d1c080b4cbec0fef84528963a1b5db34e4370fa4bd1e3ff64a0d80e0cee7369d11d73c704e0286fb2865b530acac7a871088fbe92b5edf1000870
  languageName: node
  linkType: hard

"@jridgewell/sourcemap-codec@npm:^1.4.10, @jridgewell/sourcemap-codec@npm:^1.5.0":
  version: 1.5.4
  resolution: "@jridgewell/sourcemap-codec@npm:1.5.4"
  checksum: 959093724bfbc7c1c9aadc08066154f5c1f2acc647b45bd59beec46922cbfc6a9eda4a2114656de5bc00bb3600e420ea9a4cb05e68dcf388619f573b77bd9f0c
  languageName: node
  linkType: hard

"@jridgewell/trace-mapping@npm:0.3.9":
  version: 0.3.9
  resolution: "@jridgewell/trace-mapping@npm:0.3.9"
  dependencies:
    "@jridgewell/resolve-uri": ^3.0.3
    "@jridgewell/sourcemap-codec": ^1.4.10
  checksum: d89597752fd88d3f3480845691a05a44bd21faac18e2185b6f436c3b0fd0c5a859fbbd9aaa92050c4052caf325ad3e10e2e1d1b64327517471b7d51babc0ddef
  languageName: node
  linkType: hard

"@module-federation/error-codes@npm:0.17.0":
  version: 0.17.0
  resolution: "@module-federation/error-codes@npm:0.17.0"
  checksum: c83cd8c7eed7700f071a4627dac1ab8aa10e9fd5a85962d11224967b0158bea9d42f55a0ec7e8b37a8a4ecb66cd696ccec26a4c58c38953e19d6421c7555da4f
  languageName: node
  linkType: hard

"@module-federation/runtime-core@npm:0.17.0":
  version: 0.17.0
  resolution: "@module-federation/runtime-core@npm:0.17.0"
  dependencies:
    "@module-federation/error-codes": 0.17.0
    "@module-federation/sdk": 0.17.0
  checksum: c3190ed5cb191d42c718d8da9c894ade4d1b5fb464c121808dc96172b180c9e13e353037a122b3e5c66516b0eaa1bc13f723129a26802061fa34ddeab5918453
  languageName: node
  linkType: hard

"@module-federation/runtime-tools@npm:0.17.0":
  version: 0.17.0
  resolution: "@module-federation/runtime-tools@npm:0.17.0"
  dependencies:
    "@module-federation/runtime": 0.17.0
    "@module-federation/webpack-bundler-runtime": 0.17.0
  checksum: 330b145a37065d0fd99445e7dbd745b6dee4d739b54547bbd9c5cacd83cbbd4ab4ae0d0c1ffd3bc27370e917bae491176b78fd10002b3112f4b2e05c7c36db11
  languageName: node
  linkType: hard

"@module-federation/runtime@npm:0.17.0":
  version: 0.17.0
  resolution: "@module-federation/runtime@npm:0.17.0"
  dependencies:
    "@module-federation/error-codes": 0.17.0
    "@module-federation/runtime-core": 0.17.0
    "@module-federation/sdk": 0.17.0
  checksum: 442ac331316d727db2fcfe68017f10fefb550234213f68053b9080cb0538e578e8ee32e75a9233af61cbd785cb40325556ebc13952e14fe61bd328da75dcfbb3
  languageName: node
  linkType: hard

"@module-federation/sdk@npm:0.17.0":
  version: 0.17.0
  resolution: "@module-federation/sdk@npm:0.17.0"
  checksum: 2b3eb7c65d5ae70f7473be9a1029409ef098842e0719270b1ee3e0d54626a6a9d3bb25de293b97d5fb21a56655ab25eee0a65cbd186b79bb7d71fc31f8ea22f9
  languageName: node
  linkType: hard

"@module-federation/webpack-bundler-runtime@npm:0.17.0":
  version: 0.17.0
  resolution: "@module-federation/webpack-bundler-runtime@npm:0.17.0"
  dependencies:
    "@module-federation/runtime": 0.17.0
    "@module-federation/sdk": 0.17.0
  checksum: 96ea5574cd00e82d1b2604887cc62a726eaac890a8593cdf892ee9222aee0f6ba8ae11ace24332fc811da5c5acf5a7c1bb8732520c1d9ae7a469b6b9f2767a7c
  languageName: node
  linkType: hard

"@napi-rs/wasm-runtime@npm:^1.0.1":
  version: 1.0.1
  resolution: "@napi-rs/wasm-runtime@npm:1.0.1"
  dependencies:
    "@emnapi/core": ^1.4.5
    "@emnapi/runtime": ^1.4.5
    "@tybys/wasm-util": ^0.10.0
  checksum: 42d59a02e9581a81db2c789b3ad96fe5d9f7abfe84139b351e366939e14d2d162e268bce28ba6d607dc45f3a789198a727863878e2604dd03e4ee977bc4c5e6a
  languageName: node
  linkType: hard

"@rsbuild/core@npm:~1.4.7":
  version: 1.4.11
  resolution: "@rsbuild/core@npm:1.4.11"
  dependencies:
    "@rspack/core": 1.4.10
    "@rspack/lite-tapable": ~1.0.1
    "@swc/helpers": ^0.5.17
    core-js: ~3.44.0
    jiti: ^2.5.0
  bin:
    rsbuild: bin/rsbuild.js
  checksum: fb9c3149b6ea90f21604566067d4d03287f39256defd1deb0a1dafcf6a43547d7ccceb9f4b2e97af7e13081bbe1628f63a211d287ea141418b56e7d4b9729c57
  languageName: node
  linkType: hard

"@rslib/core@npm:0.10.6":
  version: 0.10.6
  resolution: "@rslib/core@npm:0.10.6"
  dependencies:
    "@rsbuild/core": ~1.4.7
    rsbuild-plugin-dts: 0.10.6
    tinyglobby: ^0.2.14
  peerDependencies:
    "@microsoft/api-extractor": ^7
    typescript: ^5
  peerDependenciesMeta:
    "@microsoft/api-extractor":
      optional: true
    typescript:
      optional: true
  bin:
    rslib: bin/rslib.js
  checksum: 4b8fa1686ca747f558e48a93fb1af59d22d62847bd1044d3ce8552858144a37583c0c861d341af1e10acd6ab1cc248d19e0e16778dd4e91bcf70f9cbccfd6a8a
  languageName: node
  linkType: hard

"@rspack/binding-darwin-arm64@npm:1.4.10":
  version: 1.4.10
  resolution: "@rspack/binding-darwin-arm64@npm:1.4.10"
  conditions: os=darwin & cpu=arm64
  languageName: node
  linkType: hard

"@rspack/binding-darwin-x64@npm:1.4.10":
  version: 1.4.10
  resolution: "@rspack/binding-darwin-x64@npm:1.4.10"
  conditions: os=darwin & cpu=x64
  languageName: node
  linkType: hard

"@rspack/binding-linux-arm64-gnu@npm:1.4.10":
  version: 1.4.10
  resolution: "@rspack/binding-linux-arm64-gnu@npm:1.4.10"
  conditions: os=linux & cpu=arm64 & libc=glibc
  languageName: node
  linkType: hard

"@rspack/binding-linux-arm64-musl@npm:1.4.10":
  version: 1.4.10
  resolution: "@rspack/binding-linux-arm64-musl@npm:1.4.10"
  conditions: os=linux & cpu=arm64 & libc=musl
  languageName: node
  linkType: hard

"@rspack/binding-linux-x64-gnu@npm:1.4.10":
  version: 1.4.10
  resolution: "@rspack/binding-linux-x64-gnu@npm:1.4.10"
  conditions: os=linux & cpu=x64 & libc=glibc
  languageName: node
  linkType: hard

"@rspack/binding-linux-x64-musl@npm:1.4.10":
  version: 1.4.10
  resolution: "@rspack/binding-linux-x64-musl@npm:1.4.10"
  conditions: os=linux & cpu=x64 & libc=musl
  languageName: node
  linkType: hard

"@rspack/binding-wasm32-wasi@npm:1.4.10":
  version: 1.4.10
  resolution: "@rspack/binding-wasm32-wasi@npm:1.4.10"
  dependencies:
    "@napi-rs/wasm-runtime": ^1.0.1
  conditions: cpu=wasm32
  languageName: node
  linkType: hard

"@rspack/binding-win32-arm64-msvc@npm:1.4.10":
  version: 1.4.10
  resolution: "@rspack/binding-win32-arm64-msvc@npm:1.4.10"
  conditions: os=win32 & cpu=arm64
  languageName: node
  linkType: hard

"@rspack/binding-win32-ia32-msvc@npm:1.4.10":
  version: 1.4.10
  resolution: "@rspack/binding-win32-ia32-msvc@npm:1.4.10"
  conditions: os=win32 & cpu=ia32
  languageName: node
  linkType: hard

"@rspack/binding-win32-x64-msvc@npm:1.4.10":
  version: 1.4.10
  resolution: "@rspack/binding-win32-x64-msvc@npm:1.4.10"
  conditions: os=win32 & cpu=x64
  languageName: node
  linkType: hard

"@rspack/binding@npm:1.4.10":
  version: 1.4.10
  resolution: "@rspack/binding@npm:1.4.10"
  dependencies:
    "@rspack/binding-darwin-arm64": 1.4.10
    "@rspack/binding-darwin-x64": 1.4.10
    "@rspack/binding-linux-arm64-gnu": 1.4.10
    "@rspack/binding-linux-arm64-musl": 1.4.10
    "@rspack/binding-linux-x64-gnu": 1.4.10
    "@rspack/binding-linux-x64-musl": 1.4.10
    "@rspack/binding-wasm32-wasi": 1.4.10
    "@rspack/binding-win32-arm64-msvc": 1.4.10
    "@rspack/binding-win32-ia32-msvc": 1.4.10
    "@rspack/binding-win32-x64-msvc": 1.4.10
  dependenciesMeta:
    "@rspack/binding-darwin-arm64":
      optional: true
    "@rspack/binding-darwin-x64":
      optional: true
    "@rspack/binding-linux-arm64-gnu":
      optional: true
    "@rspack/binding-linux-arm64-musl":
      optional: true
    "@rspack/binding-linux-x64-gnu":
      optional: true
    "@rspack/binding-linux-x64-musl":
      optional: true
    "@rspack/binding-wasm32-wasi":
      optional: true
    "@rspack/binding-win32-arm64-msvc":
      optional: true
    "@rspack/binding-win32-ia32-msvc":
      optional: true
    "@rspack/binding-win32-x64-msvc":
      optional: true
  checksum: e2f951f2a8127583238d67b50cdae02e944b8d48adc92b7ee1ff112f7eb680081880fec2cdf7e4d9377bbf02fe23fbd7941e5b23e9f7d0a756f7778f7787aec6
  languageName: node
  linkType: hard

"@rspack/core@npm:1.4.10":
  version: 1.4.10
  resolution: "@rspack/core@npm:1.4.10"
  dependencies:
    "@module-federation/runtime-tools": 0.17.0
    "@rspack/binding": 1.4.10
    "@rspack/lite-tapable": 1.0.1
  peerDependencies:
    "@swc/helpers": ">=0.5.1"
  peerDependenciesMeta:
    "@swc/helpers":
      optional: true
  checksum: 980d5bc55db94586f67aec3ba858cb00238d652f4a908a30ec4071ecc3e902ae45a6239a056e3d5e39b9e2cad3dcab974b45eca08a8ed36240d707d94adae9ce
  languageName: node
  linkType: hard

"@rspack/lite-tapable@npm:1.0.1, @rspack/lite-tapable@npm:~1.0.1":
  version: 1.0.1
  resolution: "@rspack/lite-tapable@npm:1.0.1"
  checksum: a490aa7868178e7277573293a2b81191513d451c72f4118173f080b5c65a19618e1d37083cffa049b563433a3f772ab2f4424c0a920b04b1347ddb12fe3bcbf8
  languageName: node
  linkType: hard

"@swc/helpers@npm:^0.5.17":
  version: 0.5.17
  resolution: "@swc/helpers@npm:0.5.17"
  dependencies:
    tslib: ^2.8.0
  checksum: 085e13b536323945dfc3a270debf270bda6dfc80a1c68fd2ed08f7cbdfcbdaeead402650b5b10722e54e4a24193afc8a3c6f63d3d6d719974e7470557fb415bd
  languageName: node
  linkType: hard

"@tsconfig/node10@npm:^1.0.7":
  version: 1.0.11
  resolution: "@tsconfig/node10@npm:1.0.11"
  checksum: 51fe47d55fe1b80ec35e6e5ed30a13665fd3a531945350aa74a14a1e82875fb60b350c2f2a5e72a64831b1b6bc02acb6760c30b3738b54954ec2dea82db7a267
  languageName: node
  linkType: hard

"@tsconfig/node12@npm:^1.0.7":
  version: 1.0.11
  resolution: "@tsconfig/node12@npm:1.0.11"
  checksum: 5ce29a41b13e7897a58b8e2df11269c5395999e588b9a467386f99d1d26f6c77d1af2719e407621412520ea30517d718d5192a32403b8dfcc163bf33e40a338a
  languageName: node
  linkType: hard

"@tsconfig/node14@npm:^1.0.0":
  version: 1.0.3
  resolution: "@tsconfig/node14@npm:1.0.3"
  checksum: 19275fe80c4c8d0ad0abed6a96dbf00642e88b220b090418609c4376e1cef81bf16237bf170ad1b341452feddb8115d8dd2e5acdfdea1b27422071163dc9ba9d
  languageName: node
  linkType: hard

"@tsconfig/node16@npm:^1.0.2":
  version: 1.0.4
  resolution: "@tsconfig/node16@npm:1.0.4"
  checksum: 202319785901f942a6e1e476b872d421baec20cf09f4b266a1854060efbf78cde16a4d256e8bc949d31e6cd9a90f1e8ef8fb06af96a65e98338a2b6b0de0a0ff
  languageName: node
  linkType: hard

"@tybys/wasm-util@npm:^0.10.0":
  version: 0.10.0
  resolution: "@tybys/wasm-util@npm:0.10.0"
  dependencies:
    tslib: ^2.4.0
  checksum: c3034e0535b91f28dc74c72fc538f353cda0fa9107bb313e8b89f101402b7dc8e400442d07560775cdd7cb63d33549867ed776372fbaa41dc68bcd108e5cff8a
  languageName: node
  linkType: hard

"acorn-walk@npm:^8.1.1":
  version: 8.3.4
  resolution: "acorn-walk@npm:8.3.4"
  dependencies:
    acorn: ^8.11.0
  checksum: 4ff03f42323e7cf90f1683e08606b0f460e1e6ac263d2730e3df91c7665b6f64e696db6ea27ee4bed18c2599569be61f28a8399fa170c611161a348c402ca19c
  languageName: node
  linkType: hard

"acorn@npm:^8.11.0, acorn@npm:^8.4.1":
  version: 8.15.0
  resolution: "acorn@npm:8.15.0"
  bin:
    acorn: bin/acorn
  checksum: 309c6b49aedf1a2e34aaf266de06de04aab6eb097c02375c66fdeb0f64556a6a823540409914fb364d9a11bc30d79d485a2eba29af47992d3490e9886c4391c3
  languageName: node
  linkType: hard

"arg@npm:^4.1.0":
  version: 4.1.3
  resolution: "arg@npm:4.1.3"
  checksum: 544af8dd3f60546d3e4aff084d451b96961d2267d668670199692f8d054f0415d86fc5497d0e641e91546f0aa920e7c29e5250e99fc89f5552a34b5d93b77f43
  languageName: node
  linkType: hard

"core-js@npm:~3.44.0":
  version: 3.44.0
  resolution: "core-js@npm:3.44.0"
  checksum: 1a9fca319aaeb8ae58764f9566a92d5fe7f609749dd1e5e0af4e1a0e4c6f0402d51b5ad379decb6ee722df0a65f0897a1ed1da397888e53437a52d3c105724a5
  languageName: node
  linkType: hard

"create-require@npm:^1.1.0":
  version: 1.1.1
  resolution: "create-require@npm:1.1.1"
  checksum: a9a1503d4390d8b59ad86f4607de7870b39cad43d929813599a23714831e81c520bddf61bcdd1f8e30f05fd3a2b71ae8538e946eb2786dc65c2bbc520f692eff
  languageName: node
  linkType: hard

"diff@npm:^4.0.1":
  version: 4.0.2
  resolution: "diff@npm:4.0.2"
  checksum: f2c09b0ce4e6b301c221addd83bf3f454c0bc00caa3dd837cf6c127d6edf7223aa2bbe3b688feea110b7f262adbfc845b757c44c8a9f8c0c5b15d8fa9ce9d20d
  languageName: node
  linkType: hard

"fdir@npm:^6.4.4":
  version: 6.4.6
  resolution: "fdir@npm:6.4.6"
  peerDependencies:
    picomatch: ^3 || ^4
  peerDependenciesMeta:
    picomatch:
      optional: true
  checksum: fe9f3014901d023cf631831dcb9eae5447f4d7f69218001dd01ecf007eccc40f6c129a04411b5cc273a5f93c14e02e971e17270afc9022041c80be924091eb6f
  languageName: node
  linkType: hard

"husky@npm:9.1.7":
  version: 9.1.7
  resolution: "husky@npm:9.1.7"
  bin:
    husky: bin.js
  checksum: c2412753f15695db369634ba70f50f5c0b7e5cb13b673d0826c411ec1bd9ddef08c1dad89ea154f57da2521d2605bd64308af748749b27d08c5f563bcd89975f
  languageName: node
  linkType: hard

"jiti@npm:^2.5.0":
  version: 2.5.1
  resolution: "jiti@npm:2.5.1"
  bin:
    jiti: lib/jiti-cli.mjs
  checksum: db901281e01013c27d46d6c5cde5fa817082f32232c92099043df11e135d00ccd1b4356a9ba356a3293e91855bd7437b6df5ae0ae6ad2c384d9bd59df926633c
  languageName: node
  linkType: hard

"json5@npm:^2.2.2":
  version: 2.2.3
  resolution: "json5@npm:2.2.3"
  bin:
    json5: lib/cli.js
  checksum: 2a7436a93393830bce797d4626275152e37e877b265e94ca69c99e3d20c2b9dab021279146a39cdb700e71b2dd32a4cebd1514cd57cee102b1af906ce5040349
  languageName: node
  linkType: hard

"magic-string@npm:^0.30.17":
  version: 0.30.17
  resolution: "magic-string@npm:0.30.17"
  dependencies:
    "@jridgewell/sourcemap-codec": ^1.5.0
  checksum: f4b4ed17c5ada64f77fc98491847302ebad64894a905c417c943840c0384662118c9b37f9f68bb86add159fa4749ff6f118c4627d69a470121b46731f8debc6d
  languageName: node
  linkType: hard

"make-error@npm:^1.1.1":
  version: 1.3.6
  resolution: "make-error@npm:1.3.6"
  checksum: b86e5e0e25f7f777b77fabd8e2cbf15737972869d852a22b7e73c17623928fccb826d8e46b9951501d3f20e51ad74ba8c59ed584f610526a48f8ccf88aaec402
  languageName: node
  linkType: hard

"minimist@npm:^1.2.6":
  version: 1.2.8
  resolution: "minimist@npm:1.2.8"
  checksum: 75a6d645fb122dad29c06a7597bddea977258957ed88d7a6df59b5cd3fe4a527e253e9bbf2e783e4b73657f9098b96a5fe96ab8a113655d4109108577ecf85b0
  languageName: node
  linkType: hard

"picocolors@npm:1.1.1":
  version: 1.1.1
  resolution: "picocolors@npm:1.1.1"
  checksum: e1cf46bf84886c79055fdfa9dcb3e4711ad259949e3565154b004b260cd356c5d54b31a1437ce9782624bf766272fe6b0154f5f0c744fb7af5d454d2b60db045
  languageName: node
  linkType: hard

"picomatch@npm:^4.0.2":
  version: 4.0.3
  resolution: "picomatch@npm:4.0.3"
  checksum: 6817fb74eb745a71445debe1029768de55fd59a42b75606f478ee1d0dc1aa6e78b711d041a7c9d5550e042642029b7f373dc1a43b224c4b7f12d23436735dba0
  languageName: node
  linkType: hard

"pinst@npm:3.0.0":
  version: 3.0.0
  resolution: "pinst@npm:3.0.0"
  bin:
    pinst: bin.js
  checksum: 4ae48a6a60f79c37071233af51b4d91bfc85cfa3c12b66ccda60cdb642b4d14a4ab0cb3587afc55b1f6192cea1772a5e4822026a0d0d3528296edef00cc2d61f
  languageName: node
  linkType: hard

"rsbuild-plugin-dts@npm:0.10.6":
  version: 0.10.6
  resolution: "rsbuild-plugin-dts@npm:0.10.6"
  dependencies:
    "@ast-grep/napi": 0.37.0
    magic-string: ^0.30.17
    picocolors: 1.1.1
    tinyglobby: ^0.2.14
    tsconfig-paths: ^4.2.0
  peerDependencies:
    "@microsoft/api-extractor": ^7
    "@rsbuild/core": 1.x
    typescript: ^5
  peerDependenciesMeta:
    "@microsoft/api-extractor":
      optional: true
    typescript:
      optional: true
  checksum: 36c7e3775eba36d765052ef8c2b78fec89c825b30101a3c1b17c50f3cdb3c9590dd26c0272bc170715981f6c42f7914d6d5a4f6d6c594b254cf5d3893be95a84
  languageName: node
  linkType: hard

"strip-bom@npm:^3.0.0":
  version: 3.0.0
  resolution: "strip-bom@npm:3.0.0"
  checksum: 8d50ff27b7ebe5ecc78f1fe1e00fcdff7af014e73cf724b46fb81ef889eeb1015fc5184b64e81a2efe002180f3ba431bdd77e300da5c6685d702780fbf0c8d5b
  languageName: node
  linkType: hard

"tinyglobby@npm:^0.2.14":
  version: 0.2.14
  resolution: "tinyglobby@npm:0.2.14"
  dependencies:
    fdir: ^6.4.4
    picomatch: ^4.0.2
  checksum: 261e986e3f2062dec3a582303bad2ce31b4634b9348648b46828c000d464b012cf474e38f503312367d4117c3f2f18611992738fca684040758bba44c24de522
  languageName: node
  linkType: hard

"ts-node@npm:10.9.2":
  version: 10.9.2
  resolution: "ts-node@npm:10.9.2"
  dependencies:
    "@cspotcode/source-map-support": ^0.8.0
    "@tsconfig/node10": ^1.0.7
    "@tsconfig/node12": ^1.0.7
    "@tsconfig/node14": ^1.0.0
    "@tsconfig/node16": ^1.0.2
    acorn: ^8.4.1
    acorn-walk: ^8.1.1
    arg: ^4.1.0
    create-require: ^1.1.0
    diff: ^4.0.1
    make-error: ^1.1.1
    v8-compile-cache-lib: ^3.0.1
    yn: 3.1.1
  peerDependencies:
    "@swc/core": ">=1.2.50"
    "@swc/wasm": ">=1.2.50"
    "@types/node": "*"
    typescript: ">=2.7"
  peerDependenciesMeta:
    "@swc/core":
      optional: true
    "@swc/wasm":
      optional: true
  bin:
    ts-node: dist/bin.js
    ts-node-cwd: dist/bin-cwd.js
    ts-node-esm: dist/bin-esm.js
    ts-node-script: dist/bin-script.js
    ts-node-transpile-only: dist/bin-transpile.js
    ts-script: dist/bin-script-deprecated.js
  checksum: fde256c9073969e234526e2cfead42591b9a2aec5222bac154b0de2fa9e4ceb30efcd717ee8bc785a56f3a119bdd5aa27b333d9dbec94ed254bd26f8944c67ac
  languageName: node
  linkType: hard

"tsconfig-paths@npm:^4.2.0":
  version: 4.2.0
  resolution: "tsconfig-paths@npm:4.2.0"
  dependencies:
    json5: ^2.2.2
    minimist: ^1.2.6
    strip-bom: ^3.0.0
  checksum: 28c5f7bbbcabc9dabd4117e8fdc61483f6872a1c6b02a4b1c4d68c5b79d06896c3cc9547610c4c3ba64658531caa2de13ead1ea1bf321c7b53e969c4752b98c7
  languageName: node
  linkType: hard

"tslib@npm:^2.4.0, tslib@npm:^2.8.0":
  version: 2.8.1
  resolution: "tslib@npm:2.8.1"
  checksum: e4aba30e632b8c8902b47587fd13345e2827fa639e7c3121074d5ee0880723282411a8838f830b55100cbe4517672f84a2472667d355b81e8af165a55dc6203a
  languageName: node
  linkType: hard

"typescript@npm:5.8.3":
  version: 5.8.3
  resolution: "typescript@npm:5.8.3"
  bin:
    tsc: bin/tsc
    tsserver: bin/tsserver
  checksum: cb1d081c889a288b962d3c8ae18d337ad6ee88a8e81ae0103fa1fecbe923737f3ba1dbdb3e6d8b776c72bc73bfa6d8d850c0306eed1a51377d2fccdfd75d92c4
  languageName: node
  linkType: hard

"typescript@patch:typescript@5.8.3#~builtin<compat/typescript>":
  version: 5.8.3
  resolution: "typescript@patch:typescript@npm%3A5.8.3#~builtin<compat/typescript>::version=5.8.3&hash=5786d5"
  bin:
    tsc: bin/tsc
    tsserver: bin/tsserver
  checksum: f1743b6850976b3debf7cbd53d2bc0b67e75d47eb6410db564c8bb475e92a8a48f8a3fcd14d89cf93426835281c31a8f8a94dad90be4dc899279a898532ba97f
  languageName: node
  linkType: hard

"v8-compile-cache-lib@npm:^3.0.1":
  version: 3.0.1
  resolution: "v8-compile-cache-lib@npm:3.0.1"
  checksum: 78089ad549e21bcdbfca10c08850022b22024cdcc2da9b168bcf5a73a6ed7bf01a9cebb9eac28e03cd23a684d81e0502797e88f3ccd27a32aeab1cfc44c39da0
  languageName: node
  linkType: hard

"yn@npm:3.1.1":
  version: 3.1.1
  resolution: "yn@npm:3.1.1"
  checksum: 2c487b0e149e746ef48cda9f8bad10fc83693cd69d7f9dcd8be4214e985de33a29c9e24f3c0d6bcf2288427040a8947406ab27f7af67ee9456e6b84854f02dd6
  languageName: node
  linkType: hard
